// !$*UTF8*$!
{
	archiveVersion = 1;
	classes = {
	};
	objectVersion = 46;
	objects = {

/* Begin PBXBuildFile section */
		9E0CDAB019A4432B00B91373 /* BaseViewController.m in Sources */ = {isa = PBXBuildFile; fileRef = 9E0CDAAF19A4432B00B91373 /* BaseViewController.m */; };
		9E0CDAB619A446C700B91373 /* BaseNavigationController.m in Sources */ = {isa = PBXBuildFile; fileRef = 9E0CDAB519A446C700B91373 /* BaseNavigationController.m */; };
		9E0CDABA19A4475200B91373 /* ThemeManager.m in Sources */ = {isa = PBXBuildFile; fileRef = 9E0CDAB919A4475200B91373 /* ThemeManager.m */; };
		9E0D22FD19A7141A00D002EF /* international.strings in Resources */ = {isa = PBXBuildFile; fileRef = 9E0D22FF19A7141A00D002EF /* international.strings */; };
		9E13AA9219CABA5600BBE37B /* FileViewController.m in Sources */ = {isa = PBXBuildFile; fileRef = 9E13AA9119CABA5600BBE37B /* FileViewController.m */; };
		9E45B6EF19B868510014833A /* FileContentViewController.m in Sources */ = {isa = PBXBuildFile; fileRef = 9E45B6EE19B868510014833A /* FileContentViewController.m */; };
		9E49B28D19A5F0EC00800316 /* ThemeButton.m in Sources */ = {isa = PBXBuildFile; fileRef = 9E49B28C19A5F0EC00800316 /* ThemeButton.m */; };
		9E49B29119A5F10D00800316 /* ThemeLabel.m in Sources */ = {isa = PBXBuildFile; fileRef = 9E49B29019A5F10D00800316 /* ThemeLabel.m */; };
		9E49B29419A5F11F00800316 /* UIFactory.m in Sources */ = {isa = PBXBuildFile; fileRef = 9E49B29319A5F11F00800316 /* UIFactory.m */; };
		9E4ABE9219A749B500DB1A97 /* back.png in Resources */ = {isa = PBXBuildFile; fileRef = 9E4ABE9119A749B500DB1A97 /* back.png */; };
		9E5BC5CE19A84C42005703A4 /* MBProgressHUD.m in Sources */ = {isa = PBXBuildFile; fileRef = 9E5BC5CD19A84C42005703A4 /* MBProgressHUD.m */; };
		9E5BC5D119A88476005703A4 /* editor_checked.png in Resources */ = {isa = PBXBuildFile; fileRef = 9E5BC5CF19A88476005703A4 /* editor_checked.png */; };
		9E5BC5D219A88476005703A4 /* editor_uncheck.png in Resources */ = {isa = PBXBuildFile; fileRef = 9E5BC5D019A88476005703A4 /* editor_uncheck.png */; };
		9E5BC5D519A8848A005703A4 /* browse_checked.png in Resources */ = {isa = PBXBuildFile; fileRef = 9E5BC5D319A8848A005703A4 /* browse_checked.png */; };
		9E5BC5D619A8848A005703A4 /* browse_uncheck.png in Resources */ = {isa = PBXBuildFile; fileRef = 9E5BC5D419A8848A005703A4 /* browse_uncheck.png */; };
		9E5BC5DB19A884E7005703A4 /* all_choose.png in Resources */ = {isa = PBXBuildFile; fileRef = 9E5BC5D719A884E7005703A4 /* all_choose.png */; };
		9E5BC5DC19A884E7005703A4 /* copy.png in Resources */ = {isa = PBXBuildFile; fileRef = 9E5BC5D819A884E7005703A4 /* copy.png */; };
		9E5BC5DD19A884E7005703A4 /* delete.png in Resources */ = {isa = PBXBuildFile; fileRef = 9E5BC5D919A884E7005703A4 /* delete.png */; };
		9E5BC5DE19A884E7005703A4 /* paste.png in Resources */ = {isa = PBXBuildFile; fileRef = 9E5BC5DA19A884E7005703A4 /* paste.png */; };
		9E5BC5E019A88525005703A4 /* logo_divider.png in Resources */ = {isa = PBXBuildFile; fileRef = 9E5BC5DF19A88525005703A4 /* logo_divider.png */; };
		9E5BC5E219A88573005703A4 /* star_select.png in Resources */ = {isa = PBXBuildFile; fileRef = 9E5BC5E119A88573005703A4 /* star_select.png */; };
		9E5BC5E419A885B2005703A4 /* cloud_unselect.png in Resources */ = {isa = PBXBuildFile; fileRef = 9E5BC5E319A885B2005703A4 /* cloud_unselect.png */; };
		9E6E4B1219B0722100768795 /* doc_icon.png in Resources */ = {isa = PBXBuildFile; fileRef = 9E6E4B1119B0722100768795 /* doc_icon.png */; };
		9E6E4B1B19B07D5200768795 /* default_icon.png in Resources */ = {isa = PBXBuildFile; fileRef = 9E6E4B1319B07D5200768795 /* default_icon.png */; };
		9E6E4B1C19B07D5200768795 /* folder_icon.png in Resources */ = {isa = PBXBuildFile; fileRef = 9E6E4B1419B07D5200768795 /* folder_icon.png */; };
		9E6E4B1D19B07D5200768795 /* music_icon.png in Resources */ = {isa = PBXBuildFile; fileRef = 9E6E4B1519B07D5200768795 /* music_icon.png */; };
		9E6E4B1E19B07D5200768795 /* pdf_icon.png in Resources */ = {isa = PBXBuildFile; fileRef = 9E6E4B1619B07D5200768795 /* pdf_icon.png */; };
		9E6E4B1F19B07D5200768795 /* ppt_icon.png in Resources */ = {isa = PBXBuildFile; fileRef = 9E6E4B1719B07D5200768795 /* ppt_icon.png */; };
		9E6E4B2019B07D5200768795 /* txt_icon.png in Resources */ = {isa = PBXBuildFile; fileRef = 9E6E4B1819B07D5200768795 /* txt_icon.png */; };
		9E6E4B2119B07D5200768795 /* video_icon.png in Resources */ = {isa = PBXBuildFile; fileRef = 9E6E4B1919B07D5200768795 /* video_icon.png */; };
		9E6E4B2219B07D5200768795 /* xls_icon.png in Resources */ = {isa = PBXBuildFile; fileRef = 9E6E4B1A19B07D5200768795 /* xls_icon.png */; };
		9E6E4B2419B1AA0900768795 /* pic_icon.png in Resources */ = {isa = PBXBuildFile; fileRef = 9E6E4B2319B1AA0900768795 /* pic_icon.png */; };
		9E6E4B2619B2106800768795 /* selected.png in Resources */ = {isa = PBXBuildFile; fileRef = 9E6E4B2519B2106800768795 /* selected.png */; };
		9E6E5C1C19BC9E9F001FAFF6 /* PhotoVistViewController.m in Sources */ = {isa = PBXBuildFile; fileRef = 9E6E5C1B19BC9E9F001FAFF6 /* PhotoVistViewController.m */; };
		9E6E5C2819BDB2A5001FAFF6 /* LocalFolderViewController.m in Sources */ = {isa = PBXBuildFile; fileRef = 9E6E5C2719BDB2A5001FAFF6 /* LocalFolderViewController.m */; };
		9E78504119C8722700B04B20 /* BlockAlertView.m in Sources */ = {isa = PBXBuildFile; fileRef = 9E78504019C8722700B04B20 /* BlockAlertView.m */; };
		9E92651419ED0D6800A0E64F /* FileCopy.m in Sources */ = {isa = PBXBuildFile; fileRef = 9E92651319ED0D6800A0E64F /* FileCopy.m */; };
		9E95CC07197DF8EF002429F4 /* Foundation.framework in Frameworks */ = {isa = PBXBuildFile; fileRef = 9E95CC06197DF8EF002429F4 /* Foundation.framework */; };
		9E95CC09197DF8EF002429F4 /* CoreGraphics.framework in Frameworks */ = {isa = PBXBuildFile; fileRef = 9E95CC08197DF8EF002429F4 /* CoreGraphics.framework */; };
		9E95CC0B197DF8EF002429F4 /* UIKit.framework in Frameworks */ = {isa = PBXBuildFile; fileRef = 9E95CC0A197DF8EF002429F4 /* UIKit.framework */; };
		9E95CC11197DF8EF002429F4 /* InfoPlist.strings in Resources */ = {isa = PBXBuildFile; fileRef = 9E95CC0F197DF8EF002429F4 /* InfoPlist.strings */; };
		9E95CC13197DF8EF002429F4 /* main.m in Sources */ = {isa = PBXBuildFile; fileRef = 9E95CC12197DF8EF002429F4 /* main.m */; };
		9E95CC17197DF8EF002429F4 /* AppDelegate.m in Sources */ = {isa = PBXBuildFile; fileRef = 9E95CC16197DF8EF002429F4 /* AppDelegate.m */; };
		9E95CC19197DF8EF002429F4 /* Images.xcassets in Resources */ = {isa = PBXBuildFile; fileRef = 9E95CC18197DF8EF002429F4 /* Images.xcassets */; };
		9E95CC20197DF8EF002429F4 /* XCTest.framework in Frameworks */ = {isa = PBXBuildFile; fileRef = 9E95CC1F197DF8EF002429F4 /* XCTest.framework */; };
		9E95CC21197DF8EF002429F4 /* Foundation.framework in Frameworks */ = {isa = PBXBuildFile; fileRef = 9E95CC06197DF8EF002429F4 /* Foundation.framework */; };
		9E95CC22197DF8EF002429F4 /* UIKit.framework in Frameworks */ = {isa = PBXBuildFile; fileRef = 9E95CC0A197DF8EF002429F4 /* UIKit.framework */; };
		9E95CC2A197DF8EF002429F4 /* InfoPlist.strings in Resources */ = {isa = PBXBuildFile; fileRef = 9E95CC28197DF8EF002429F4 /* InfoPlist.strings */; };
		9E95CC2C197DF8EF002429F4 /* iDataTests.m in Sources */ = {isa = PBXBuildFile; fileRef = 9E95CC2B197DF8EF002429F4 /* iDataTests.m */; };
		9E95CC37197DF9F5002429F4 /* MainViewController.m in Sources */ = {isa = PBXBuildFile; fileRef = 9E95CC36197DF9F5002429F4 /* MainViewController.m */; };
		9E95CC39197DFB25002429F4 /* MediaPlayer.framework in Frameworks */ = {isa = PBXBuildFile; fileRef = 9E95CC38197DFB25002429F4 /* MediaPlayer.framework */; };
		9E95CC3D197E010D002429F4 /* AVFoundation.framework in Frameworks */ = {isa = PBXBuildFile; fileRef = 9E95CC3C197E010D002429F4 /* AVFoundation.framework */; };
		9E9B3C9B19D3F39B001AC677 /* ContactBackupViewController.m in Sources */ = {isa = PBXBuildFile; fileRef = 9E9B3C9A19D3F39B001AC677 /* ContactBackupViewController.m */; };
		9E9B3CA319D68172001AC677 /* backup.png in Resources */ = {isa = PBXBuildFile; fileRef = 9E9B3C9F19D68172001AC677 /* backup.png */; };
		9E9B3CA419D68172001AC677 /* contacts_press.png in Resources */ = {isa = PBXBuildFile; fileRef = 9E9B3CA019D68172001AC677 /* contacts_press.png */; };
		9E9B3CA519D68172001AC677 /* contacts_unpress.png in Resources */ = {isa = PBXBuildFile; fileRef = 9E9B3CA119D68172001AC677 /* contacts_unpress.png */; };
		9E9B3CA619D68172001AC677 /* restore.png in Resources */ = {isa = PBXBuildFile; fileRef = 9E9B3CA219D68172001AC677 /* restore.png */; };
		9EA13D07199CA00C00803903 /* cm_btn_pause@2x.png in Resources */ = {isa = PBXBuildFile; fileRef = 9EA13D03199CA00C00803903 /* cm_btn_pause@2x.png */; };
		9EA13D08199CA00C00803903 /* cm_btn_play@2x.png in Resources */ = {isa = PBXBuildFile; fileRef = 9EA13D04199CA00C00803903 /* cm_btn_play@2x.png */; };
		9EA13D09199CA00C00803903 /* fee_nopay.png in Resources */ = {isa = PBXBuildFile; fileRef = 9EA13D05199CA00C00803903 /* fee_nopay.png */; };
		9EA13D0A199CA00C00803903 /* fee_payed.png in Resources */ = {isa = PBXBuildFile; fileRef = 9EA13D06199CA00C00803903 /* fee_payed.png */; };
		9EB97C1319EACA2800CB0A2F /* MusicViewController.m in Sources */ = {isa = PBXBuildFile; fileRef = 9EB97C0C19EACA2800CB0A2F /* MusicViewController.m */; };
		9EB97C1419EACA2800CB0A2F /* MusicViewControllerOther.m in Sources */ = {isa = PBXBuildFile; fileRef = 9EB97C0E19EACA2800CB0A2F /* MusicViewControllerOther.m */; };
		9EB97C1519EACA2800CB0A2F /* VideoViewController.m in Sources */ = {isa = PBXBuildFile; fileRef = 9EB97C1019EACA2800CB0A2F /* VideoViewController.m */; };
		9EB97C1619EACA2800CB0A2F /* VideoVistViewController.m in Sources */ = {isa = PBXBuildFile; fileRef = 9EB97C1219EACA2800CB0A2F /* VideoVistViewController.m */; };
		9EBCD5461982A84C00E09E9A /* AssetsLibrary.framework in Frameworks */ = {isa = PBXBuildFile; fileRef = 9EBCD5451982A84C00E09E9A /* AssetsLibrary.framework */; };
		9ECCC15719888C6B000A2B76 /* ContactViewController.m in Sources */ = {isa = PBXBuildFile; fileRef = 9ECCC15619888C6B000A2B76 /* ContactViewController.m */; };
		9ECCC15A19888CD6000A2B76 /* AddressBook.framework in Frameworks */ = {isa = PBXBuildFile; fileRef = 9ECCC15819888CD6000A2B76 /* AddressBook.framework */; };
		9ECCC15B19888CD6000A2B76 /* AddressBookUI.framework in Frameworks */ = {isa = PBXBuildFile; fileRef = 9ECCC15919888CD6000A2B76 /* AddressBookUI.framework */; };
		9ECCC160198896FE000A2B76 /* Util.m in Sources */ = {isa = PBXBuildFile; fileRef = 9ECCC15F198896FE000A2B76 /* Util.m */; };
		9ECCC1651988999E000A2B76 /* RFChineseToPinyin.m in Sources */ = {isa = PBXBuildFile; fileRef = 9ECCC1621988999E000A2B76 /* RFChineseToPinyin.m */; };
		9ECCC1661988999E000A2B76 /* RFPOAPinyin.mm in Sources */ = {isa = PBXBuildFile; fileRef = 9ECCC1641988999E000A2B76 /* RFPOAPinyin.mm */; };
		9ECCC1691988E8B6000A2B76 /* PhotoViewController.m in Sources */ = {isa = PBXBuildFile; fileRef = 9ECCC1681988E8B6000A2B76 /* PhotoViewController.m */; };
		9EDB6B1D19AC77DE00E493BA /* FolderViewController.m in Sources */ = {isa = PBXBuildFile; fileRef = 9EDB6B1C19AC77DE00E493BA /* FolderViewController.m */; };
		9EE190AD19AB3F4F0052B7F3 /* connected.png in Resources */ = {isa = PBXBuildFile; fileRef = 9EE190AC19AB3F4F0052B7F3 /* connected.png */; };
		9EE190AF19AB3F5F0052B7F3 /* not_connect.png in Resources */ = {isa = PBXBuildFile; fileRef = 9EE190AE19AB3F5F0052B7F3 /* not_connect.png */; };
		9EE190B119AB411E0052B7F3 /* use_size.png in Resources */ = {isa = PBXBuildFile; fileRef = 9EE190B019AB411E0052B7F3 /* use_size.png */; };
		9EE190B319AB631D0052B7F3 /* home.png in Resources */ = {isa = PBXBuildFile; fileRef = 9EE190B219AB631D0052B7F3 /* home.png */; };
		9EEC56B719A8CFCF001D8352 /* UIView+Toast.m in Sources */ = {isa = PBXBuildFile; fileRef = 9EEC56B619A8CFCF001D8352 /* UIView+Toast.m */; };
		9EEC56B919A8E2C5001D8352 /* star_unselect.png in Resources */ = {isa = PBXBuildFile; fileRef = 9EEC56B819A8E2C5001D8352 /* star_unselect.png */; };
		9EEC56BB19A8EBB4001D8352 /* cloud_selected.png in Resources */ = {isa = PBXBuildFile; fileRef = 9EEC56BA19A8EBB4001D8352 /* cloud_selected.png */; };
		9EEC56BE19A8EDAA001D8352 /* logo_image.png in Resources */ = {isa = PBXBuildFile; fileRef = 9EEC56BC19A8EDAA001D8352 /* logo_image.png */; };
		9EEC56BF19A8EDAA001D8352 /* logo_label.png in Resources */ = {isa = PBXBuildFile; fileRef = 9EEC56BD19A8EDAA001D8352 /* logo_label.png */; };
		9EEC56C819A9828B001D8352 /* contacts_backup.png in Resources */ = {isa = PBXBuildFile; fileRef = 9EEC56C019A9828B001D8352 /* contacts_backup.png */; };
		9EEC56C919A9828B001D8352 /* document.png in Resources */ = {isa = PBXBuildFile; fileRef = 9EEC56C119A9828B001D8352 /* document.png */; };
		9EEC56CA19A9828B001D8352 /* folder.png in Resources */ = {isa = PBXBuildFile; fileRef = 9EEC56C219A9828B001D8352 /* folder.png */; };
		9EEC56CB19A9828B001D8352 /* language.png in Resources */ = {isa = PBXBuildFile; fileRef = 9EEC56C319A9828B001D8352 /* language.png */; };
		9EEC56CC19A9828B001D8352 /* music.png in Resources */ = {isa = PBXBuildFile; fileRef = 9EEC56C419A9828B001D8352 /* music.png */; };
		9EEC56CD19A9828B001D8352 /* photo.png in Resources */ = {isa = PBXBuildFile; fileRef = 9EEC56C519A9828B001D8352 /* photo.png */; };
		9EEC56CE19A9828B001D8352 /* video.png in Resources */ = {isa = PBXBuildFile; fileRef = 9EEC56C619A9828B001D8352 /* video.png */; };
		9EEC56CF19A9828B001D8352 /* router_setting.png in Resources */ = {isa = PBXBuildFile; fileRef = 9EEC56C719A9828B001D8352 /* router_setting.png */; };
		9EEC56EC19A9DEBD001D8352 /* background.png in Resources */ = {isa = PBXBuildFile; fileRef = 9EEC56EB19A9DEBD001D8352 /* background.png */; };
		9EEF99F219AF20CB00AC16E7 /* SwipeView.m in Sources */ = {isa = PBXBuildFile; fileRef = 9EEF99F119AF20CB00AC16E7 /* SwipeView.m */; };
		9EEF9A0C19AF728800AC16E7 /* GRRequestsManager.m in Sources */ = {isa = PBXBuildFile; fileRef = 9EEF99F519AF728800AC16E7 /* GRRequestsManager.m */; };
		9EEF9A0D19AF728800AC16E7 /* GRCreateDirectoryRequest.m in Sources */ = {isa = PBXBuildFile; fileRef = 9EEF99F919AF728800AC16E7 /* GRCreateDirectoryRequest.m */; };
		9EEF9A0E19AF728800AC16E7 /* GRDeleteRequest.m in Sources */ = {isa = PBXBuildFile; fileRef = 9EEF99FB19AF728800AC16E7 /* GRDeleteRequest.m */; };
		9EEF9A0F19AF728800AC16E7 /* GRDownloadRequest.m in Sources */ = {isa = PBXBuildFile; fileRef = 9EEF99FD19AF728800AC16E7 /* GRDownloadRequest.m */; };
		9EEF9A1019AF728800AC16E7 /* GRListingRequest.m in Sources */ = {isa = PBXBuildFile; fileRef = 9EEF99FF19AF728800AC16E7 /* GRListingRequest.m */; };
		9EEF9A1119AF728800AC16E7 /* GRRequest.m in Sources */ = {isa = PBXBuildFile; fileRef = 9EEF9A0119AF728800AC16E7 /* GRRequest.m */; };
		9EEF9A1219AF728800AC16E7 /* GRUploadRequest.m in Sources */ = {isa = PBXBuildFile; fileRef = 9EEF9A0419AF728800AC16E7 /* GRUploadRequest.m */; };
		9EEF9A1319AF728800AC16E7 /* GRError.m in Sources */ = {isa = PBXBuildFile; fileRef = 9EEF9A0719AF728800AC16E7 /* GRError.m */; };
		9EEF9A1419AF728800AC16E7 /* GRQueue.m in Sources */ = {isa = PBXBuildFile; fileRef = 9EEF9A0919AF728800AC16E7 /* GRQueue.m */; };
		9EEF9A1519AF728800AC16E7 /* GRStreamInfo.m in Sources */ = {isa = PBXBuildFile; fileRef = 9EEF9A0B19AF728800AC16E7 /* GRStreamInfo.m */; };
		9EEF9A1719AF729700AC16E7 /* CFNetwork.framework in Frameworks */ = {isa = PBXBuildFile; fileRef = 9EEF9A1619AF729700AC16E7 /* CFNetwork.framework */; };
		9EEF9A1A19B0131200AC16E7 /* FTPManager.m in Sources */ = {isa = PBXBuildFile; fileRef = 9EEF9A1919B0131200AC16E7 /* FTPManager.m */; };
		9EF4DF7C19BE9F1F009D6AF4 /* CXImageBrowserView.m in Sources */ = {isa = PBXBuildFile; fileRef = 9EF4DF7519BE9F1F009D6AF4 /* CXImageBrowserView.m */; };
		9EF4DF7D19BE9F1F009D6AF4 /* ImageScrollView.m in Sources */ = {isa = PBXBuildFile; fileRef = 9EF4DF7719BE9F1F009D6AF4 /* ImageScrollView.m */; };
		9EF4DF7E19BE9F1F009D6AF4 /* PageViewControllerData.m in Sources */ = {isa = PBXBuildFile; fileRef = 9EF4DF7919BE9F1F009D6AF4 /* PageViewControllerData.m */; };
		9EF4DF7F19BE9F1F009D6AF4 /* CXPhotoViewController.m in Sources */ = {isa = PBXBuildFile; fileRef = 9EF4DF7B19BE9F1F009D6AF4 /* CXPhotoViewController.m */; };
		9EF7DFC619D0070100F4D4ED /* ChooseLanguageViewCotroller.m in Sources */ = {isa = PBXBuildFile; fileRef = 9EF7DFC519D0070100F4D4ED /* ChooseLanguageViewCotroller.m */; };
		9EF7DFD419D116ED00F4D4ED /* TkmHUDBackgroundView.m in Sources */ = {isa = PBXBuildFile; fileRef = 9EF7DFCB19D116ED00F4D4ED /* TkmHUDBackgroundView.m */; };
		9EF7DFD519D116ED00F4D4ED /* TkmHUDImageView.m in Sources */ = {isa = PBXBuildFile; fileRef = 9EF7DFCD19D116ED00F4D4ED /* TkmHUDImageView.m */; };
		9EF7DFD619D116ED00F4D4ED /* TkmHUDIndicator.m in Sources */ = {isa = PBXBuildFile; fileRef = 9EF7DFCF19D116ED00F4D4ED /* TkmHUDIndicator.m */; };
		9EF7DFD719D116ED00F4D4ED /* TkmHUDLabel.m in Sources */ = {isa = PBXBuildFile; fileRef = 9EF7DFD119D116ED00F4D4ED /* TkmHUDLabel.m */; };
		9EF7DFD819D116ED00F4D4ED /* UIWindow+TkmHUD.m in Sources */ = {isa = PBXBuildFile; fileRef = 9EF7DFD319D116ED00F4D4ED /* UIWindow+TkmHUD.m */; };
/* End PBXBuildFile section */

/* Begin PBXContainerItemProxy section */
		9E95CC23197DF8EF002429F4 /* PBXContainerItemProxy */ = {
			isa = PBXContainerItemProxy;
			containerPortal = 9E95CBFB197DF8EF002429F4 /* Project object */;
			proxyType = 1;
			remoteGlobalIDString = 9E95CC02197DF8EF002429F4;
			remoteInfo = iData;
		};
/* End PBXContainerItemProxy section */

/* Begin PBXFileReference section */
		9E0CDAAE19A4432B00B91373 /* BaseViewController.h */ = {isa = PBXFileReference; fileEncoding = 4; lastKnownFileType = sourcecode.c.h; path = BaseViewController.h; sourceTree = "<group>"; };
		9E0CDAAF19A4432B00B91373 /* BaseViewController.m */ = {isa = PBXFileReference; fileEncoding = 4; lastKnownFileType = sourcecode.c.objc; path = BaseViewController.m; sourceTree = "<group>"; };
		9E0CDAB419A446C700B91373 /* BaseNavigationController.h */ = {isa = PBXFileReference; fileEncoding = 4; lastKnownFileType = sourcecode.c.h; path = BaseNavigationController.h; sourceTree = "<group>"; };
		9E0CDAB519A446C700B91373 /* BaseNavigationController.m */ = {isa = PBXFileReference; fileEncoding = 4; lastKnownFileType = sourcecode.c.objc; path = BaseNavigationController.m; sourceTree = "<group>"; };
		9E0CDAB819A4475200B91373 /* ThemeManager.h */ = {isa = PBXFileReference; fileEncoding = 4; lastKnownFileType = sourcecode.c.h; path = ThemeManager.h; sourceTree = "<group>"; };
		9E0CDAB919A4475200B91373 /* ThemeManager.m */ = {isa = PBXFileReference; fileEncoding = 4; lastKnownFileType = sourcecode.c.objc; path = ThemeManager.m; sourceTree = "<group>"; };
		9E0D22FE19A7141A00D002EF /* en */ = {isa = PBXFileReference; lastKnownFileType = text.plist.strings; name = en; path = en.lproj/international.strings; sourceTree = "<group>"; };
		9E0D230019A7142600D002EF /* zh-Hans */ = {isa = PBXFileReference; lastKnownFileType = text.plist.strings; name = "zh-Hans"; path = "zh-Hans.lproj/international.strings"; sourceTree = "<group>"; };
		9E13AA9019CABA5600BBE37B /* FileViewController.h */ = {isa = PBXFileReference; fileEncoding = 4; lastKnownFileType = sourcecode.c.h; path = FileViewController.h; sourceTree = "<group>"; };
		9E13AA9119CABA5600BBE37B /* FileViewController.m */ = {isa = PBXFileReference; fileEncoding = 4; lastKnownFileType = sourcecode.c.objc; path = FileViewController.m; sourceTree = "<group>"; };
		9E45B6ED19B868510014833A /* FileContentViewController.h */ = {isa = PBXFileReference; fileEncoding = 4; lastKnownFileType = sourcecode.c.h; path = FileContentViewController.h; sourceTree = "<group>"; };
		9E45B6EE19B868510014833A /* FileContentViewController.m */ = {isa = PBXFileReference; fileEncoding = 4; lastKnownFileType = sourcecode.c.objc; path = FileContentViewController.m; sourceTree = "<group>"; };
		9E49B28B19A5F0EC00800316 /* ThemeButton.h */ = {isa = PBXFileReference; fileEncoding = 4; lastKnownFileType = sourcecode.c.h; path = ThemeButton.h; sourceTree = "<group>"; };
		9E49B28C19A5F0EC00800316 /* ThemeButton.m */ = {isa = PBXFileReference; fileEncoding = 4; lastKnownFileType = sourcecode.c.objc; path = ThemeButton.m; sourceTree = "<group>"; };
		9E49B28F19A5F10D00800316 /* ThemeLabel.h */ = {isa = PBXFileReference; fileEncoding = 4; lastKnownFileType = sourcecode.c.h; path = ThemeLabel.h; sourceTree = "<group>"; };
		9E49B29019A5F10D00800316 /* ThemeLabel.m */ = {isa = PBXFileReference; fileEncoding = 4; lastKnownFileType = sourcecode.c.objc; path = ThemeLabel.m; sourceTree = "<group>"; };
		9E49B29219A5F11F00800316 /* UIFactory.h */ = {isa = PBXFileReference; fileEncoding = 4; lastKnownFileType = sourcecode.c.h; path = UIFactory.h; sourceTree = "<group>"; };
		9E49B29319A5F11F00800316 /* UIFactory.m */ = {isa = PBXFileReference; fileEncoding = 4; lastKnownFileType = sourcecode.c.objc; path = UIFactory.m; sourceTree = "<group>"; };
		9E4ABE9119A749B500DB1A97 /* back.png */ = {isa = PBXFileReference; lastKnownFileType = image.png; path = back.png; sourceTree = "<group>"; };
		9E5BC5CC19A84C42005703A4 /* MBProgressHUD.h */ = {isa = PBXFileReference; fileEncoding = 4; lastKnownFileType = sourcecode.c.h; path = MBProgressHUD.h; sourceTree = "<group>"; };
		9E5BC5CD19A84C42005703A4 /* MBProgressHUD.m */ = {isa = PBXFileReference; fileEncoding = 4; lastKnownFileType = sourcecode.c.objc; path = MBProgressHUD.m; sourceTree = "<group>"; };
		9E5BC5CF19A88476005703A4 /* editor_checked.png */ = {isa = PBXFileReference; lastKnownFileType = image.png; path = editor_checked.png; sourceTree = "<group>"; };
		9E5BC5D019A88476005703A4 /* editor_uncheck.png */ = {isa = PBXFileReference; lastKnownFileType = image.png; path = editor_uncheck.png; sourceTree = "<group>"; };
		9E5BC5D319A8848A005703A4 /* browse_checked.png */ = {isa = PBXFileReference; lastKnownFileType = image.png; path = browse_checked.png; sourceTree = "<group>"; };
		9E5BC5D419A8848A005703A4 /* browse_uncheck.png */ = {isa = PBXFileReference; lastKnownFileType = image.png; path = browse_uncheck.png; sourceTree = "<group>"; };
		9E5BC5D719A884E7005703A4 /* all_choose.png */ = {isa = PBXFileReference; lastKnownFileType = image.png; path = all_choose.png; sourceTree = "<group>"; };
		9E5BC5D819A884E7005703A4 /* copy.png */ = {isa = PBXFileReference; lastKnownFileType = image.png; path = copy.png; sourceTree = "<group>"; };
		9E5BC5D919A884E7005703A4 /* delete.png */ = {isa = PBXFileReference; lastKnownFileType = image.png; path = delete.png; sourceTree = "<group>"; };
		9E5BC5DA19A884E7005703A4 /* paste.png */ = {isa = PBXFileReference; lastKnownFileType = image.png; path = paste.png; sourceTree = "<group>"; };
		9E5BC5DF19A88525005703A4 /* logo_divider.png */ = {isa = PBXFileReference; lastKnownFileType = image.png; path = logo_divider.png; sourceTree = "<group>"; };
		9E5BC5E119A88573005703A4 /* star_select.png */ = {isa = PBXFileReference; lastKnownFileType = image.png; path = star_select.png; sourceTree = "<group>"; };
		9E5BC5E319A885B2005703A4 /* cloud_unselect.png */ = {isa = PBXFileReference; lastKnownFileType = image.png; path = cloud_unselect.png; sourceTree = "<group>"; };
		9E6E4B1119B0722100768795 /* doc_icon.png */ = {isa = PBXFileReference; lastKnownFileType = image.png; path = doc_icon.png; sourceTree = "<group>"; };
		9E6E4B1319B07D5200768795 /* default_icon.png */ = {isa = PBXFileReference; lastKnownFileType = image.png; path = default_icon.png; sourceTree = "<group>"; };
		9E6E4B1419B07D5200768795 /* folder_icon.png */ = {isa = PBXFileReference; lastKnownFileType = image.png; path = folder_icon.png; sourceTree = "<group>"; };
		9E6E4B1519B07D5200768795 /* music_icon.png */ = {isa = PBXFileReference; lastKnownFileType = image.png; path = music_icon.png; sourceTree = "<group>"; };
		9E6E4B1619B07D5200768795 /* pdf_icon.png */ = {isa = PBXFileReference; lastKnownFileType = image.png; path = pdf_icon.png; sourceTree = "<group>"; };
		9E6E4B1719B07D5200768795 /* ppt_icon.png */ = {isa = PBXFileReference; lastKnownFileType = image.png; path = ppt_icon.png; sourceTree = "<group>"; };
		9E6E4B1819B07D5200768795 /* txt_icon.png */ = {isa = PBXFileReference; lastKnownFileType = image.png; path = txt_icon.png; sourceTree = "<group>"; };
		9E6E4B1919B07D5200768795 /* video_icon.png */ = {isa = PBXFileReference; lastKnownFileType = image.png; path = video_icon.png; sourceTree = "<group>"; };
		9E6E4B1A19B07D5200768795 /* xls_icon.png */ = {isa = PBXFileReference; lastKnownFileType = image.png; path = xls_icon.png; sourceTree = "<group>"; };
		9E6E4B2319B1AA0900768795 /* pic_icon.png */ = {isa = PBXFileReference; lastKnownFileType = image.png; path = pic_icon.png; sourceTree = "<group>"; };
		9E6E4B2519B2106800768795 /* selected.png */ = {isa = PBXFileReference; lastKnownFileType = image.png; path = selected.png; sourceTree = "<group>"; };
		9E6E5C1A19BC9E9F001FAFF6 /* PhotoVistViewController.h */ = {isa = PBXFileReference; fileEncoding = 4; lastKnownFileType = sourcecode.c.h; path = PhotoVistViewController.h; sourceTree = "<group>"; };
		9E6E5C1B19BC9E9F001FAFF6 /* PhotoVistViewController.m */ = {isa = PBXFileReference; fileEncoding = 4; lastKnownFileType = sourcecode.c.objc; path = PhotoVistViewController.m; sourceTree = "<group>"; };
		9E6E5C2619BDB2A5001FAFF6 /* LocalFolderViewController.h */ = {isa = PBXFileReference; fileEncoding = 4; lastKnownFileType = sourcecode.c.h; path = LocalFolderViewController.h; sourceTree = "<group>"; };
		9E6E5C2719BDB2A5001FAFF6 /* LocalFolderViewController.m */ = {isa = PBXFileReference; fileEncoding = 4; lastKnownFileType = sourcecode.c.objc; path = LocalFolderViewController.m; sourceTree = "<group>"; };
		9E78503F19C8722700B04B20 /* BlockAlertView.h */ = {isa = PBXFileReference; fileEncoding = 4; lastKnownFileType = sourcecode.c.h; path = BlockAlertView.h; sourceTree = "<group>"; };
		9E78504019C8722700B04B20 /* BlockAlertView.m */ = {isa = PBXFileReference; fileEncoding = 4; lastKnownFileType = sourcecode.c.objc; path = BlockAlertView.m; sourceTree = "<group>"; };
		9E92651219ED0D6800A0E64F /* FileCopy.h */ = {isa = PBXFileReference; fileEncoding = 4; lastKnownFileType = sourcecode.c.h; path = FileCopy.h; sourceTree = "<group>"; };
		9E92651319ED0D6800A0E64F /* FileCopy.m */ = {isa = PBXFileReference; fileEncoding = 4; lastKnownFileType = sourcecode.c.objc; path = FileCopy.m; sourceTree = "<group>"; };
		9E95CC03197DF8EF002429F4 /* iData.app */ = {isa = PBXFileReference; explicitFileType = wrapper.application; includeInIndex = 0; path = iData.app; sourceTree = BUILT_PRODUCTS_DIR; };
		9E95CC06197DF8EF002429F4 /* Foundation.framework */ = {isa = PBXFileReference; lastKnownFileType = wrapper.framework; name = Foundation.framework; path = System/Library/Frameworks/Foundation.framework; sourceTree = SDKROOT; };
		9E95CC08197DF8EF002429F4 /* CoreGraphics.framework */ = {isa = PBXFileReference; lastKnownFileType = wrapper.framework; name = CoreGraphics.framework; path = System/Library/Frameworks/CoreGraphics.framework; sourceTree = SDKROOT; };
		9E95CC0A197DF8EF002429F4 /* UIKit.framework */ = {isa = PBXFileReference; lastKnownFileType = wrapper.framework; name = UIKit.framework; path = System/Library/Frameworks/UIKit.framework; sourceTree = SDKROOT; };
		9E95CC0E197DF8EF002429F4 /* iData-Info.plist */ = {isa = PBXFileReference; lastKnownFileType = text.plist.xml; path = "iData-Info.plist"; sourceTree = "<group>"; };
		9E95CC10197DF8EF002429F4 /* en */ = {isa = PBXFileReference; lastKnownFileType = text.plist.strings; name = en; path = en.lproj/InfoPlist.strings; sourceTree = "<group>"; };
		9E95CC12197DF8EF002429F4 /* main.m */ = {isa = PBXFileReference; lastKnownFileType = sourcecode.c.objc; path = main.m; sourceTree = "<group>"; };
		9E95CC14197DF8EF002429F4 /* iData-Prefix.pch */ = {isa = PBXFileReference; lastKnownFileType = sourcecode.c.h; path = "iData-Prefix.pch"; sourceTree = "<group>"; };
		9E95CC15197DF8EF002429F4 /* AppDelegate.h */ = {isa = PBXFileReference; lastKnownFileType = sourcecode.c.h; path = AppDelegate.h; sourceTree = "<group>"; };
		9E95CC16197DF8EF002429F4 /* AppDelegate.m */ = {isa = PBXFileReference; lastKnownFileType = sourcecode.c.objc; path = AppDelegate.m; sourceTree = "<group>"; };
		9E95CC18197DF8EF002429F4 /* Images.xcassets */ = {isa = PBXFileReference; lastKnownFileType = folder.assetcatalog; path = Images.xcassets; sourceTree = "<group>"; };
		9E95CC1E197DF8EF002429F4 /* iDataTests.xctest */ = {isa = PBXFileReference; explicitFileType = wrapper.cfbundle; includeInIndex = 0; path = iDataTests.xctest; sourceTree = BUILT_PRODUCTS_DIR; };
		9E95CC1F197DF8EF002429F4 /* XCTest.framework */ = {isa = PBXFileReference; lastKnownFileType = wrapper.framework; name = XCTest.framework; path = Library/Frameworks/XCTest.framework; sourceTree = DEVELOPER_DIR; };
		9E95CC27197DF8EF002429F4 /* iDataTests-Info.plist */ = {isa = PBXFileReference; lastKnownFileType = text.plist.xml; path = "iDataTests-Info.plist"; sourceTree = "<group>"; };
		9E95CC29197DF8EF002429F4 /* en */ = {isa = PBXFileReference; lastKnownFileType = text.plist.strings; name = en; path = en.lproj/InfoPlist.strings; sourceTree = "<group>"; };
		9E95CC2B197DF8EF002429F4 /* iDataTests.m */ = {isa = PBXFileReference; lastKnownFileType = sourcecode.c.objc; path = iDataTests.m; sourceTree = "<group>"; };
		9E95CC35197DF9F5002429F4 /* MainViewController.h */ = {isa = PBXFileReference; fileEncoding = 4; lastKnownFileType = sourcecode.c.h; path = MainViewController.h; sourceTree = "<group>"; };
		9E95CC36197DF9F5002429F4 /* MainViewController.m */ = {isa = PBXFileReference; fileEncoding = 4; lastKnownFileType = sourcecode.c.objc; path = MainViewController.m; sourceTree = "<group>"; };
		9E95CC38197DFB25002429F4 /* MediaPlayer.framework */ = {isa = PBXFileReference; lastKnownFileType = wrapper.framework; name = MediaPlayer.framework; path = System/Library/Frameworks/MediaPlayer.framework; sourceTree = SDKROOT; };
		9E95CC3C197E010D002429F4 /* AVFoundation.framework */ = {isa = PBXFileReference; lastKnownFileType = wrapper.framework; name = AVFoundation.framework; path = System/Library/Frameworks/AVFoundation.framework; sourceTree = SDKROOT; };
		9E9B3C9919D3F39B001AC677 /* ContactBackupViewController.h */ = {isa = PBXFileReference; fileEncoding = 4; lastKnownFileType = sourcecode.c.h; path = ContactBackupViewController.h; sourceTree = "<group>"; };
		9E9B3C9A19D3F39B001AC677 /* ContactBackupViewController.m */ = {isa = PBXFileReference; fileEncoding = 4; lastKnownFileType = sourcecode.c.objc; path = ContactBackupViewController.m; sourceTree = "<group>"; };
		9E9B3C9F19D68172001AC677 /* backup.png */ = {isa = PBXFileReference; lastKnownFileType = image.png; path = backup.png; sourceTree = "<group>"; };
		9E9B3CA019D68172001AC677 /* contacts_press.png */ = {isa = PBXFileReference; lastKnownFileType = image.png; path = contacts_press.png; sourceTree = "<group>"; };
		9E9B3CA119D68172001AC677 /* contacts_unpress.png */ = {isa = PBXFileReference; lastKnownFileType = image.png; path = contacts_unpress.png; sourceTree = "<group>"; };
		9E9B3CA219D68172001AC677 /* restore.png */ = {isa = PBXFileReference; lastKnownFileType = image.png; path = restore.png; sourceTree = "<group>"; };
		9EA13D03199CA00C00803903 /* cm_btn_pause@2x.png */ = {isa = PBXFileReference; lastKnownFileType = image.png; path = "cm_btn_pause@2x.png"; sourceTree = "<group>"; };
		9EA13D04199CA00C00803903 /* cm_btn_play@2x.png */ = {isa = PBXFileReference; lastKnownFileType = image.png; path = "cm_btn_play@2x.png"; sourceTree = "<group>"; };
		9EA13D05199CA00C00803903 /* fee_nopay.png */ = {isa = PBXFileReference; lastKnownFileType = image.png; path = fee_nopay.png; sourceTree = "<group>"; };
		9EA13D06199CA00C00803903 /* fee_payed.png */ = {isa = PBXFileReference; lastKnownFileType = image.png; path = fee_payed.png; sourceTree = "<group>"; };
		9EB97C0B19EACA2800CB0A2F /* MusicViewController.h */ = {isa = PBXFileReference; fileEncoding = 4; lastKnownFileType = sourcecode.c.h; path = MusicViewController.h; sourceTree = "<group>"; };
		9EB97C0C19EACA2800CB0A2F /* MusicViewController.m */ = {isa = PBXFileReference; fileEncoding = 4; lastKnownFileType = sourcecode.c.objc; path = MusicViewController.m; sourceTree = "<group>"; };
		9EB97C0D19EACA2800CB0A2F /* MusicViewControllerOther.h */ = {isa = PBXFileReference; fileEncoding = 4; lastKnownFileType = sourcecode.c.h; path = MusicViewControllerOther.h; sourceTree = "<group>"; };
		9EB97C0E19EACA2800CB0A2F /* MusicViewControllerOther.m */ = {isa = PBXFileReference; fileEncoding = 4; lastKnownFileType = sourcecode.c.objc; path = MusicViewControllerOther.m; sourceTree = "<group>"; };
		9EB97C0F19EACA2800CB0A2F /* VideoViewController.h */ = {isa = PBXFileReference; fileEncoding = 4; lastKnownFileType = sourcecode.c.h; path = VideoViewController.h; sourceTree = "<group>"; };
		9EB97C1019EACA2800CB0A2F /* VideoViewController.m */ = {isa = PBXFileReference; fileEncoding = 4; lastKnownFileType = sourcecode.c.objc; path = VideoViewController.m; sourceTree = "<group>"; };
		9EB97C1119EACA2800CB0A2F /* VideoVistViewController.h */ = {isa = PBXFileReference; fileEncoding = 4; lastKnownFileType = sourcecode.c.h; path = VideoVistViewController.h; sourceTree = "<group>"; };
		9EB97C1219EACA2800CB0A2F /* VideoVistViewController.m */ = {isa = PBXFileReference; fileEncoding = 4; lastKnownFileType = sourcecode.c.objc; path = VideoVistViewController.m; sourceTree = "<group>"; };
		9EBCD5451982A84C00E09E9A /* AssetsLibrary.framework */ = {isa = PBXFileReference; lastKnownFileType = wrapper.framework; name = AssetsLibrary.framework; path = System/Library/Frameworks/AssetsLibrary.framework; sourceTree = SDKROOT; };
		9ECCC15519888C6B000A2B76 /* ContactViewController.h */ = {isa = PBXFileReference; fileEncoding = 4; lastKnownFileType = sourcecode.c.h; path = ContactViewController.h; sourceTree = "<group>"; };
		9ECCC15619888C6B000A2B76 /* ContactViewController.m */ = {isa = PBXFileReference; fileEncoding = 4; lastKnownFileType = sourcecode.c.objc; path = ContactViewController.m; sourceTree = "<group>"; };
		9ECCC15819888CD6000A2B76 /* AddressBook.framework */ = {isa = PBXFileReference; lastKnownFileType = wrapper.framework; name = AddressBook.framework; path = System/Library/Frameworks/AddressBook.framework; sourceTree = SDKROOT; };
		9ECCC15919888CD6000A2B76 /* AddressBookUI.framework */ = {isa = PBXFileReference; lastKnownFileType = wrapper.framework; name = AddressBookUI.framework; path = System/Library/Frameworks/AddressBookUI.framework; sourceTree = SDKROOT; };
		9ECCC15E198896FE000A2B76 /* Util.h */ = {isa = PBXFileReference; fileEncoding = 4; lastKnownFileType = sourcecode.c.h; path = Util.h; sourceTree = "<group>"; };
		9ECCC15F198896FE000A2B76 /* Util.m */ = {isa = PBXFileReference; fileEncoding = 4; lastKnownFileType = sourcecode.c.objc; path = Util.m; sourceTree = "<group>"; };
		9ECCC1611988999E000A2B76 /* RFChineseToPinyin.h */ = {isa = PBXFileReference; fileEncoding = 4; lastKnownFileType = sourcecode.c.h; path = RFChineseToPinyin.h; sourceTree = "<group>"; };
		9ECCC1621988999E000A2B76 /* RFChineseToPinyin.m */ = {isa = PBXFileReference; fileEncoding = 4; lastKnownFileType = sourcecode.c.objc; path = RFChineseToPinyin.m; sourceTree = "<group>"; };
		9ECCC1631988999E000A2B76 /* RFPOAPinyin.h */ = {isa = PBXFileReference; fileEncoding = 4; lastKnownFileType = sourcecode.c.h; path = RFPOAPinyin.h; sourceTree = "<group>"; };
		9ECCC1641988999E000A2B76 /* RFPOAPinyin.mm */ = {isa = PBXFileReference; fileEncoding = 4; lastKnownFileType = sourcecode.cpp.objcpp; path = RFPOAPinyin.mm; sourceTree = "<group>"; };
		9ECCC1671988E8B6000A2B76 /* PhotoViewController.h */ = {isa = PBXFileReference; fileEncoding = 4; lastKnownFileType = sourcecode.c.h; path = PhotoViewController.h; sourceTree = "<group>"; };
		9ECCC1681988E8B6000A2B76 /* PhotoViewController.m */ = {isa = PBXFileReference; fileEncoding = 4; lastKnownFileType = sourcecode.c.objc; path = PhotoViewController.m; sourceTree = "<group>"; };
		9EDB6B1B19AC77DE00E493BA /* FolderViewController.h */ = {isa = PBXFileReference; fileEncoding = 4; lastKnownFileType = sourcecode.c.h; path = FolderViewController.h; sourceTree = "<group>"; };
		9EDB6B1C19AC77DE00E493BA /* FolderViewController.m */ = {isa = PBXFileReference; fileEncoding = 4; lastKnownFileType = sourcecode.c.objc; path = FolderViewController.m; sourceTree = "<group>"; };
		9EE190AC19AB3F4F0052B7F3 /* connected.png */ = {isa = PBXFileReference; lastKnownFileType = image.png; path = connected.png; sourceTree = "<group>"; };
		9EE190AE19AB3F5F0052B7F3 /* not_connect.png */ = {isa = PBXFileReference; lastKnownFileType = image.png; path = not_connect.png; sourceTree = "<group>"; };
		9EE190B019AB411E0052B7F3 /* use_size.png */ = {isa = PBXFileReference; lastKnownFileType = image.png; path = use_size.png; sourceTree = "<group>"; };
		9EE190B219AB631D0052B7F3 /* home.png */ = {isa = PBXFileReference; lastKnownFileType = image.png; path = home.png; sourceTree = "<group>"; };
		9EEC56B519A8CFCF001D8352 /* UIView+Toast.h */ = {isa = PBXFileReference; fileEncoding = 4; lastKnownFileType = sourcecode.c.h; path = "UIView+Toast.h"; sourceTree = "<group>"; };
		9EEC56B619A8CFCF001D8352 /* UIView+Toast.m */ = {isa = PBXFileReference; fileEncoding = 4; lastKnownFileType = sourcecode.c.objc; path = "UIView+Toast.m"; sourceTree = "<group>"; };
		9EEC56B819A8E2C5001D8352 /* star_unselect.png */ = {isa = PBXFileReference; lastKnownFileType = image.png; path = star_unselect.png; sourceTree = "<group>"; };
		9EEC56BA19A8EBB4001D8352 /* cloud_selected.png */ = {isa = PBXFileReference; lastKnownFileType = image.png; path = cloud_selected.png; sourceTree = "<group>"; };
		9EEC56BC19A8EDAA001D8352 /* logo_image.png */ = {isa = PBXFileReference; lastKnownFileType = image.png; path = logo_image.png; sourceTree = "<group>"; };
		9EEC56BD19A8EDAA001D8352 /* logo_label.png */ = {isa = PBXFileReference; lastKnownFileType = image.png; path = logo_label.png; sourceTree = "<group>"; };
		9EEC56C019A9828B001D8352 /* contacts_backup.png */ = {isa = PBXFileReference; lastKnownFileType = image.png; path = contacts_backup.png; sourceTree = "<group>"; };
		9EEC56C119A9828B001D8352 /* document.png */ = {isa = PBXFileReference; lastKnownFileType = image.png; path = document.png; sourceTree = "<group>"; };
		9EEC56C219A9828B001D8352 /* folder.png */ = {isa = PBXFileReference; lastKnownFileType = image.png; path = folder.png; sourceTree = "<group>"; };
		9EEC56C319A9828B001D8352 /* language.png */ = {isa = PBXFileReference; lastKnownFileType = image.png; path = language.png; sourceTree = "<group>"; };
		9EEC56C419A9828B001D8352 /* music.png */ = {isa = PBXFileReference; lastKnownFileType = image.png; path = music.png; sourceTree = "<group>"; };
		9EEC56C519A9828B001D8352 /* photo.png */ = {isa = PBXFileReference; lastKnownFileType = image.png; path = photo.png; sourceTree = "<group>"; };
		9EEC56C619A9828B001D8352 /* video.png */ = {isa = PBXFileReference; lastKnownFileType = image.png; path = video.png; sourceTree = "<group>"; };
		9EEC56C719A9828B001D8352 /* router_setting.png */ = {isa = PBXFileReference; lastKnownFileType = image.png; path = router_setting.png; sourceTree = "<group>"; };
		9EEC56EB19A9DEBD001D8352 /* background.png */ = {isa = PBXFileReference; lastKnownFileType = image.png; path = background.png; sourceTree = "<group>"; };
		9EEF99F019AF20CB00AC16E7 /* SwipeView.h */ = {isa = PBXFileReference; fileEncoding = 4; lastKnownFileType = sourcecode.c.h; path = SwipeView.h; sourceTree = "<group>"; };
		9EEF99F119AF20CB00AC16E7 /* SwipeView.m */ = {isa = PBXFileReference; fileEncoding = 4; lastKnownFileType = sourcecode.c.objc; path = SwipeView.m; sourceTree = "<group>"; };
		9EEF99F419AF728800AC16E7 /* GRRequestsManager.h */ = {isa = PBXFileReference; fileEncoding = 4; lastKnownFileType = sourcecode.c.h; path = GRRequestsManager.h; sourceTree = "<group>"; };
		9EEF99F519AF728800AC16E7 /* GRRequestsManager.m */ = {isa = PBXFileReference; fileEncoding = 4; lastKnownFileType = sourcecode.c.objc; path = GRRequestsManager.m; sourceTree = "<group>"; };
		9EEF99F619AF728800AC16E7 /* GRRequestsManagerProtocol.h */ = {isa = PBXFileReference; fileEncoding = 4; lastKnownFileType = sourcecode.c.h; path = GRRequestsManagerProtocol.h; sourceTree = "<group>"; };
		9EEF99F819AF728800AC16E7 /* GRCreateDirectoryRequest.h */ = {isa = PBXFileReference; fileEncoding = 4; lastKnownFileType = sourcecode.c.h; path = GRCreateDirectoryRequest.h; sourceTree = "<group>"; };
		9EEF99F919AF728800AC16E7 /* GRCreateDirectoryRequest.m */ = {isa = PBXFileReference; fileEncoding = 4; lastKnownFileType = sourcecode.c.objc; path = GRCreateDirectoryRequest.m; sourceTree = "<group>"; };
		9EEF99FA19AF728800AC16E7 /* GRDeleteRequest.h */ = {isa = PBXFileReference; fileEncoding = 4; lastKnownFileType = sourcecode.c.h; path = GRDeleteRequest.h; sourceTree = "<group>"; };
		9EEF99FB19AF728800AC16E7 /* GRDeleteRequest.m */ = {isa = PBXFileReference; fileEncoding = 4; lastKnownFileType = sourcecode.c.objc; path = GRDeleteRequest.m; sourceTree = "<group>"; };
		9EEF99FC19AF728800AC16E7 /* GRDownloadRequest.h */ = {isa = PBXFileReference; fileEncoding = 4; lastKnownFileType = sourcecode.c.h; path = GRDownloadRequest.h; sourceTree = "<group>"; };
		9EEF99FD19AF728800AC16E7 /* GRDownloadRequest.m */ = {isa = PBXFileReference; fileEncoding = 4; lastKnownFileType = sourcecode.c.objc; path = GRDownloadRequest.m; sourceTree = "<group>"; };
		9EEF99FE19AF728800AC16E7 /* GRListingRequest.h */ = {isa = PBXFileReference; fileEncoding = 4; lastKnownFileType = sourcecode.c.h; path = GRListingRequest.h; sourceTree = "<group>"; };
		9EEF99FF19AF728800AC16E7 /* GRListingRequest.m */ = {isa = PBXFileReference; fileEncoding = 4; lastKnownFileType = sourcecode.c.objc; path = GRListingRequest.m; sourceTree = "<group>"; };
		9EEF9A0019AF728800AC16E7 /* GRRequest.h */ = {isa = PBXFileReference; fileEncoding = 4; lastKnownFileType = sourcecode.c.h; path = GRRequest.h; sourceTree = "<group>"; };
		9EEF9A0119AF728800AC16E7 /* GRRequest.m */ = {isa = PBXFileReference; fileEncoding = 4; lastKnownFileType = sourcecode.c.objc; path = GRRequest.m; sourceTree = "<group>"; };
		9EEF9A0219AF728800AC16E7 /* GRRequestProtocol.h */ = {isa = PBXFileReference; fileEncoding = 4; lastKnownFileType = sourcecode.c.h; path = GRRequestProtocol.h; sourceTree = "<group>"; };
		9EEF9A0319AF728800AC16E7 /* GRUploadRequest.h */ = {isa = PBXFileReference; fileEncoding = 4; lastKnownFileType = sourcecode.c.h; path = GRUploadRequest.h; sourceTree = "<group>"; };
		9EEF9A0419AF728800AC16E7 /* GRUploadRequest.m */ = {isa = PBXFileReference; fileEncoding = 4; lastKnownFileType = sourcecode.c.objc; path = GRUploadRequest.m; sourceTree = "<group>"; };
		9EEF9A0619AF728800AC16E7 /* GRError.h */ = {isa = PBXFileReference; fileEncoding = 4; lastKnownFileType = sourcecode.c.h; path = GRError.h; sourceTree = "<group>"; };
		9EEF9A0719AF728800AC16E7 /* GRError.m */ = {isa = PBXFileReference; fileEncoding = 4; lastKnownFileType = sourcecode.c.objc; path = GRError.m; sourceTree = "<group>"; };
		9EEF9A0819AF728800AC16E7 /* GRQueue.h */ = {isa = PBXFileReference; fileEncoding = 4; lastKnownFileType = sourcecode.c.h; path = GRQueue.h; sourceTree = "<group>"; };
		9EEF9A0919AF728800AC16E7 /* GRQueue.m */ = {isa = PBXFileReference; fileEncoding = 4; lastKnownFileType = sourcecode.c.objc; path = GRQueue.m; sourceTree = "<group>"; };
		9EEF9A0A19AF728800AC16E7 /* GRStreamInfo.h */ = {isa = PBXFileReference; fileEncoding = 4; lastKnownFileType = sourcecode.c.h; path = GRStreamInfo.h; sourceTree = "<group>"; };
		9EEF9A0B19AF728800AC16E7 /* GRStreamInfo.m */ = {isa = PBXFileReference; fileEncoding = 4; lastKnownFileType = sourcecode.c.objc; path = GRStreamInfo.m; sourceTree = "<group>"; };
		9EEF9A1619AF729700AC16E7 /* CFNetwork.framework */ = {isa = PBXFileReference; lastKnownFileType = wrapper.framework; name = CFNetwork.framework; path = System/Library/Frameworks/CFNetwork.framework; sourceTree = SDKROOT; };
		9EEF9A1819B0131200AC16E7 /* FTPManager.h */ = {isa = PBXFileReference; fileEncoding = 4; lastKnownFileType = sourcecode.c.h; path = FTPManager.h; sourceTree = "<group>"; };
		9EEF9A1919B0131200AC16E7 /* FTPManager.m */ = {isa = PBXFileReference; fileEncoding = 4; lastKnownFileType = sourcecode.c.objc; path = FTPManager.m; sourceTree = "<group>"; };
		9EF4DF7419BE9F1F009D6AF4 /* CXImageBrowserView.h */ = {isa = PBXFileReference; fileEncoding = 4; lastKnownFileType = sourcecode.c.h; path = CXImageBrowserView.h; sourceTree = "<group>"; };
		9EF4DF7519BE9F1F009D6AF4 /* CXImageBrowserView.m */ = {isa = PBXFileReference; fileEncoding = 4; lastKnownFileType = sourcecode.c.objc; path = CXImageBrowserView.m; sourceTree = "<group>"; };
		9EF4DF7619BE9F1F009D6AF4 /* ImageScrollView.h */ = {isa = PBXFileReference; fileEncoding = 4; lastKnownFileType = sourcecode.c.h; path = ImageScrollView.h; sourceTree = "<group>"; };
		9EF4DF7719BE9F1F009D6AF4 /* ImageScrollView.m */ = {isa = PBXFileReference; fileEncoding = 4; lastKnownFileType = sourcecode.c.objc; path = ImageScrollView.m; sourceTree = "<group>"; };
		9EF4DF7819BE9F1F009D6AF4 /* PageViewControllerData.h */ = {isa = PBXFileReference; fileEncoding = 4; lastKnownFileType = sourcecode.c.h; path = PageViewControllerData.h; sourceTree = "<group>"; };
		9EF4DF7919BE9F1F009D6AF4 /* PageViewControllerData.m */ = {isa = PBXFileReference; fileEncoding = 4; lastKnownFileType = sourcecode.c.objc; path = PageViewControllerData.m; sourceTree = "<group>"; };
		9EF4DF7A19BE9F1F009D6AF4 /* CXPhotoViewController.h */ = {isa = PBXFileReference; fileEncoding = 4; lastKnownFileType = sourcecode.c.h; path = CXPhotoViewController.h; sourceTree = "<group>"; };
		9EF4DF7B19BE9F1F009D6AF4 /* CXPhotoViewController.m */ = {isa = PBXFileReference; fileEncoding = 4; lastKnownFileType = sourcecode.c.objc; path = CXPhotoViewController.m; sourceTree = "<group>"; };
		9EF7DFC419D0070100F4D4ED /* ChooseLanguageViewCotroller.h */ = {isa = PBXFileReference; fileEncoding = 4; lastKnownFileType = sourcecode.c.h; path = ChooseLanguageViewCotroller.h; sourceTree = "<group>"; };
		9EF7DFC519D0070100F4D4ED /* ChooseLanguageViewCotroller.m */ = {isa = PBXFileReference; fileEncoding = 4; lastKnownFileType = sourcecode.c.objc; path = ChooseLanguageViewCotroller.m; sourceTree = "<group>"; };
		9EF7DFCA19D116ED00F4D4ED /* TkmHUDBackgroundView.h */ = {isa = PBXFileReference; fileEncoding = 4; lastKnownFileType = sourcecode.c.h; path = TkmHUDBackgroundView.h; sourceTree = "<group>"; };
		9EF7DFCB19D116ED00F4D4ED /* TkmHUDBackgroundView.m */ = {isa = PBXFileReference; fileEncoding = 4; lastKnownFileType = sourcecode.c.objc; path = TkmHUDBackgroundView.m; sourceTree = "<group>"; };
		9EF7DFCC19D116ED00F4D4ED /* TkmHUDImageView.h */ = {isa = PBXFileReference; fileEncoding = 4; lastKnownFileType = sourcecode.c.h; path = TkmHUDImageView.h; sourceTree = "<group>"; };
		9EF7DFCD19D116ED00F4D4ED /* TkmHUDImageView.m */ = {isa = PBXFileReference; fileEncoding = 4; lastKnownFileType = sourcecode.c.objc; path = TkmHUDImageView.m; sourceTree = "<group>"; };
		9EF7DFCE19D116ED00F4D4ED /* TkmHUDIndicator.h */ = {isa = PBXFileReference; fileEncoding = 4; lastKnownFileType = sourcecode.c.h; path = TkmHUDIndicator.h; sourceTree = "<group>"; };
		9EF7DFCF19D116ED00F4D4ED /* TkmHUDIndicator.m */ = {isa = PBXFileReference; fileEncoding = 4; lastKnownFileType = sourcecode.c.objc; path = TkmHUDIndicator.m; sourceTree = "<group>"; };
		9EF7DFD019D116ED00F4D4ED /* TkmHUDLabel.h */ = {isa = PBXFileReference; fileEncoding = 4; lastKnownFileType = sourcecode.c.h; path = TkmHUDLabel.h; sourceTree = "<group>"; };
		9EF7DFD119D116ED00F4D4ED /* TkmHUDLabel.m */ = {isa = PBXFileReference; fileEncoding = 4; lastKnownFileType = sourcecode.c.objc; path = TkmHUDLabel.m; sourceTree = "<group>"; };
		9EF7DFD219D116ED00F4D4ED /* UIWindow+TkmHUD.h */ = {isa = PBXFileReference; fileEncoding = 4; lastKnownFileType = sourcecode.c.h; path = "UIWindow+TkmHUD.h"; sourceTree = "<group>"; };
		9EF7DFD319D116ED00F4D4ED /* UIWindow+TkmHUD.m */ = {isa = PBXFileReference; fileEncoding = 4; lastKnownFileType = sourcecode.c.objc; path = "UIWindow+TkmHUD.m"; sourceTree = "<group>"; };
/* End PBXFileReference section */

/* Begin PBXFrameworksBuildPhase section */
		9E95CC00197DF8EF002429F4 /* Frameworks */ = {
			isa = PBXFrameworksBuildPhase;
			buildActionMask = 2147483647;
			files = (
				9EEF9A1719AF729700AC16E7 /* CFNetwork.framework in Frameworks */,
				9ECCC15A19888CD6000A2B76 /* AddressBook.framework in Frameworks */,
				9ECCC15B19888CD6000A2B76 /* AddressBookUI.framework in Frameworks */,
				9EBCD5461982A84C00E09E9A /* AssetsLibrary.framework in Frameworks */,
				9E95CC3D197E010D002429F4 /* AVFoundation.framework in Frameworks */,
				9E95CC39197DFB25002429F4 /* MediaPlayer.framework in Frameworks */,
				9E95CC09197DF8EF002429F4 /* CoreGraphics.framework in Frameworks */,
				9E95CC0B197DF8EF002429F4 /* UIKit.framework in Frameworks */,
				9E95CC07197DF8EF002429F4 /* Foundation.framework in Frameworks */,
			);
			runOnlyForDeploymentPostprocessing = 0;
		};
		9E95CC1B197DF8EF002429F4 /* Frameworks */ = {
			isa = PBXFrameworksBuildPhase;
			buildActionMask = 2147483647;
			files = (
				9E95CC20197DF8EF002429F4 /* XCTest.framework in Frameworks */,
				9E95CC22197DF8EF002429F4 /* UIKit.framework in Frameworks */,
				9E95CC21197DF8EF002429F4 /* Foundation.framework in Frameworks */,
			);
			runOnlyForDeploymentPostprocessing = 0;
		};
/* End PBXFrameworksBuildPhase section */

/* Begin PBXGroup section */
		9E0CDAAC19A442FE00B91373 /* baseview */ = {
			isa = PBXGroup;
			children = (
				9E0CDAAE19A4432B00B91373 /* BaseViewController.h */,
				9E0CDAAF19A4432B00B91373 /* BaseViewController.m */,
				9E0CDAB419A446C700B91373 /* BaseNavigationController.h */,
				9E0CDAB519A446C700B91373 /* BaseNavigationController.m */,
				9EF7DFC419D0070100F4D4ED /* ChooseLanguageViewCotroller.h */,
				9EF7DFC519D0070100F4D4ED /* ChooseLanguageViewCotroller.m */,
			);
			path = baseview;
			sourceTree = "<group>";
		};
		9E0CDAB719A4472A00B91373 /* theme */ = {
			isa = PBXGroup;
			children = (
				9E0CDAB819A4475200B91373 /* ThemeManager.h */,
				9E0CDAB919A4475200B91373 /* ThemeManager.m */,
				9E49B28B19A5F0EC00800316 /* ThemeButton.h */,
				9E49B28C19A5F0EC00800316 /* ThemeButton.m */,
				9E49B28F19A5F10D00800316 /* ThemeLabel.h */,
				9E49B29019A5F10D00800316 /* ThemeLabel.m */,
				9E49B29219A5F11F00800316 /* UIFactory.h */,
				9E49B29319A5F11F00800316 /* UIFactory.m */,
			);
			path = theme;
			sourceTree = "<group>";
		};
		9E5BC5C019A83DE2005703A4 /* widget */ = {
			isa = PBXGroup;
			children = (
				9EF7DFC919D116ED00F4D4ED /* YzdHUD */,
				9EEF99F319AF727800AC16E7 /* FTP */,
				9E5BC5CB19A84C29005703A4 /* MBProgressHUD */,
				9E5BC5C619A841F3005703A4 /* Toast */,
				9EEF99F019AF20CB00AC16E7 /* SwipeView.h */,
				9EEF99F119AF20CB00AC16E7 /* SwipeView.m */,
				9EEF9A1819B0131200AC16E7 /* FTPManager.h */,
				9EEF9A1919B0131200AC16E7 /* FTPManager.m */,
				9E78503F19C8722700B04B20 /* BlockAlertView.h */,
				9E78504019C8722700B04B20 /* BlockAlertView.m */,
			);
			path = widget;
			sourceTree = "<group>";
		};
		9E5BC5C619A841F3005703A4 /* Toast */ = {
			isa = PBXGroup;
			children = (
				9EEC56B519A8CFCF001D8352 /* UIView+Toast.h */,
				9EEC56B619A8CFCF001D8352 /* UIView+Toast.m */,
			);
			path = Toast;
			sourceTree = "<group>";
		};
		9E5BC5CB19A84C29005703A4 /* MBProgressHUD */ = {
			isa = PBXGroup;
			children = (
				9E5BC5CC19A84C42005703A4 /* MBProgressHUD.h */,
				9E5BC5CD19A84C42005703A4 /* MBProgressHUD.m */,
			);
			path = MBProgressHUD;
			sourceTree = "<group>";
		};
		9E95CBFA197DF8EF002429F4 = {
			isa = PBXGroup;
			children = (
				9E95CC0C197DF8EF002429F4 /* iData */,
				9E95CC25197DF8EF002429F4 /* iDataTests */,
				9E95CC05197DF8EF002429F4 /* Frameworks */,
				9E95CC04197DF8EF002429F4 /* Products */,
			);
			sourceTree = "<group>";
		};
		9E95CC04197DF8EF002429F4 /* Products */ = {
			isa = PBXGroup;
			children = (
				9E95CC03197DF8EF002429F4 /* iData.app */,
				9E95CC1E197DF8EF002429F4 /* iDataTests.xctest */,
			);
			name = Products;
			sourceTree = "<group>";
		};
		9E95CC05197DF8EF002429F4 /* Frameworks */ = {
			isa = PBXGroup;
			children = (
				9EEF9A1619AF729700AC16E7 /* CFNetwork.framework */,
				9ECCC15819888CD6000A2B76 /* AddressBook.framework */,
				9ECCC15919888CD6000A2B76 /* AddressBookUI.framework */,
				9EBCD5451982A84C00E09E9A /* AssetsLibrary.framework */,
				9E95CC3C197E010D002429F4 /* AVFoundation.framework */,
				9E95CC38197DFB25002429F4 /* MediaPlayer.framework */,
				9E95CC06197DF8EF002429F4 /* Foundation.framework */,
				9E95CC08197DF8EF002429F4 /* CoreGraphics.framework */,
				9E95CC0A197DF8EF002429F4 /* UIKit.framework */,
				9E95CC1F197DF8EF002429F4 /* XCTest.framework */,
			);
			name = Frameworks;
			sourceTree = "<group>";
		};
		9E95CC0C197DF8EF002429F4 /* iData */ = {
			isa = PBXGroup;
			children = (
				9EA13D02199CA00C00803903 /* resource */,
				9ECCC15D198896EF000A2B76 /* utilTool */,
				9EB9BA09197EA3E50077E820 /* file */,
				9EDB6B1A19AC77A600E493BA /* folder */,
				9EB97C0A19EACA2800CB0A2F /* media */,
				9EB9BA0B197EA3E50077E820 /* photo */,
				9ECCC15419888C4A000A2B76 /* contact */,
				9E0CDAAC19A442FE00B91373 /* baseview */,
				9E0CDAB719A4472A00B91373 /* theme */,
				9E5BC5C019A83DE2005703A4 /* widget */,
				9E95CC15197DF8EF002429F4 /* AppDelegate.h */,
				9E95CC16197DF8EF002429F4 /* AppDelegate.m */,
				9E95CC35197DF9F5002429F4 /* MainViewController.h */,
				9E95CC36197DF9F5002429F4 /* MainViewController.m */,
				9E95CC18197DF8EF002429F4 /* Images.xcassets */,
				9E95CC0D197DF8EF002429F4 /* Supporting Files */,
			);
			path = iData;
			sourceTree = "<group>";
		};
		9E95CC0D197DF8EF002429F4 /* Supporting Files */ = {
			isa = PBXGroup;
			children = (
				9E95CC0E197DF8EF002429F4 /* iData-Info.plist */,
				9E95CC0F197DF8EF002429F4 /* InfoPlist.strings */,
				9E95CC12197DF8EF002429F4 /* main.m */,
				9E95CC14197DF8EF002429F4 /* iData-Prefix.pch */,
				9E0D22FF19A7141A00D002EF /* international.strings */,
			);
			name = "Supporting Files";
			sourceTree = "<group>";
		};
		9E95CC25197DF8EF002429F4 /* iDataTests */ = {
			isa = PBXGroup;
			children = (
				9E95CC2B197DF8EF002429F4 /* iDataTests.m */,
				9E95CC26197DF8EF002429F4 /* Supporting Files */,
			);
			path = iDataTests;
			sourceTree = "<group>";
		};
		9E95CC26197DF8EF002429F4 /* Supporting Files */ = {
			isa = PBXGroup;
			children = (
				9E95CC27197DF8EF002429F4 /* iDataTests-Info.plist */,
				9E95CC28197DF8EF002429F4 /* InfoPlist.strings */,
			);
			name = "Supporting Files";
			sourceTree = "<group>";
		};
		9EA13D02199CA00C00803903 /* resource */ = {
			isa = PBXGroup;
			children = (
				9E9B3C9F19D68172001AC677 /* backup.png */,
				9E9B3CA019D68172001AC677 /* contacts_press.png */,
				9E9B3CA119D68172001AC677 /* contacts_unpress.png */,
				9E9B3CA219D68172001AC677 /* restore.png */,
				9E6E4B2519B2106800768795 /* selected.png */,
				9E6E4B2319B1AA0900768795 /* pic_icon.png */,
				9E6E4B1319B07D5200768795 /* default_icon.png */,
				9E6E4B1419B07D5200768795 /* folder_icon.png */,
				9E6E4B1519B07D5200768795 /* music_icon.png */,
				9E6E4B1619B07D5200768795 /* pdf_icon.png */,
				9E6E4B1719B07D5200768795 /* ppt_icon.png */,
				9E6E4B1819B07D5200768795 /* txt_icon.png */,
				9E6E4B1919B07D5200768795 /* video_icon.png */,
				9E6E4B1A19B07D5200768795 /* xls_icon.png */,
				9E6E4B1119B0722100768795 /* doc_icon.png */,
				9EE190B019AB411E0052B7F3 /* use_size.png */,
				9EE190AE19AB3F5F0052B7F3 /* not_connect.png */,
				9EE190AC19AB3F4F0052B7F3 /* connected.png */,
				9EEC56EB19A9DEBD001D8352 /* background.png */,
				9EEC56C019A9828B001D8352 /* contacts_backup.png */,
				9EEC56C119A9828B001D8352 /* document.png */,
				9EEC56C219A9828B001D8352 /* folder.png */,
				9EEC56C319A9828B001D8352 /* language.png */,
				9EE190B219AB631D0052B7F3 /* home.png */,
				9EEC56C419A9828B001D8352 /* music.png */,
				9EEC56C519A9828B001D8352 /* photo.png */,
				9EEC56C619A9828B001D8352 /* video.png */,
				9EEC56C719A9828B001D8352 /* router_setting.png */,
				9EEC56BC19A8EDAA001D8352 /* logo_image.png */,
				9EEC56BD19A8EDAA001D8352 /* logo_label.png */,
				9E5BC5DF19A88525005703A4 /* logo_divider.png */,
				9EEC56BA19A8EBB4001D8352 /* cloud_selected.png */,
				9EEC56B819A8E2C5001D8352 /* star_unselect.png */,
				9E5BC5E319A885B2005703A4 /* cloud_unselect.png */,
				9E5BC5E119A88573005703A4 /* star_select.png */,
				9E5BC5D719A884E7005703A4 /* all_choose.png */,
				9E5BC5D819A884E7005703A4 /* copy.png */,
				9E5BC5D919A884E7005703A4 /* delete.png */,
				9E5BC5DA19A884E7005703A4 /* paste.png */,
				9E5BC5D319A8848A005703A4 /* browse_checked.png */,
				9E5BC5D419A8848A005703A4 /* browse_uncheck.png */,
				9E5BC5CF19A88476005703A4 /* editor_checked.png */,
				9E5BC5D019A88476005703A4 /* editor_uncheck.png */,
				9E4ABE9119A749B500DB1A97 /* back.png */,
				9EA13D03199CA00C00803903 /* cm_btn_pause@2x.png */,
				9EA13D04199CA00C00803903 /* cm_btn_play@2x.png */,
				9EA13D05199CA00C00803903 /* fee_nopay.png */,
				9EA13D06199CA00C00803903 /* fee_payed.png */,
			);
			path = resource;
			sourceTree = "<group>";
		};
		9EB97C0A19EACA2800CB0A2F /* media */ = {
			isa = PBXGroup;
			children = (
				9EB97C0B19EACA2800CB0A2F /* MusicViewController.h */,
				9EB97C0C19EACA2800CB0A2F /* MusicViewController.m */,
				9EB97C0D19EACA2800CB0A2F /* MusicViewControllerOther.h */,
				9EB97C0E19EACA2800CB0A2F /* MusicViewControllerOther.m */,
				9EB97C0F19EACA2800CB0A2F /* VideoViewController.h */,
				9EB97C1019EACA2800CB0A2F /* VideoViewController.m */,
				9EB97C1119EACA2800CB0A2F /* VideoVistViewController.h */,
				9EB97C1219EACA2800CB0A2F /* VideoVistViewController.m */,
			);
			path = media;
			sourceTree = "<group>";
		};
		9EB9BA09197EA3E50077E820 /* file */ = {
			isa = PBXGroup;
			children = (
				9E13AA9019CABA5600BBE37B /* FileViewController.h */,
				9E13AA9119CABA5600BBE37B /* FileViewController.m */,
			);
			path = file;
			sourceTree = "<group>";
		};
		9EB9BA0B197EA3E50077E820 /* photo */ = {
			isa = PBXGroup;
			children = (
				9EF4DF7319BE9F1F009D6AF4 /* CXPreviewAlbum */,
				9ECCC1671988E8B6000A2B76 /* PhotoViewController.h */,
				9ECCC1681988E8B6000A2B76 /* PhotoViewController.m */,
				9E6E5C1A19BC9E9F001FAFF6 /* PhotoVistViewController.h */,
				9E6E5C1B19BC9E9F001FAFF6 /* PhotoVistViewController.m */,
			);
			path = photo;
			sourceTree = "<group>";
		};
		9ECCC15419888C4A000A2B76 /* contact */ = {
			isa = PBXGroup;
			children = (
				9ECCC15519888C6B000A2B76 /* ContactViewController.h */,
				9ECCC15619888C6B000A2B76 /* ContactViewController.m */,
				9E9B3C9919D3F39B001AC677 /* ContactBackupViewController.h */,
				9E9B3C9A19D3F39B001AC677 /* ContactBackupViewController.m */,
			);
			path = contact;
			sourceTree = "<group>";
		};
		9ECCC15D198896EF000A2B76 /* utilTool */ = {
			isa = PBXGroup;
			children = (
				9ECCC1611988999E000A2B76 /* RFChineseToPinyin.h */,
				9ECCC1621988999E000A2B76 /* RFChineseToPinyin.m */,
				9ECCC1631988999E000A2B76 /* RFPOAPinyin.h */,
				9ECCC1641988999E000A2B76 /* RFPOAPinyin.mm */,
				9ECCC15E198896FE000A2B76 /* Util.h */,
				9ECCC15F198896FE000A2B76 /* Util.m */,
				9E92651219ED0D6800A0E64F /* FileCopy.h */,
				9E92651319ED0D6800A0E64F /* FileCopy.m */,
			);
			path = utilTool;
			sourceTree = "<group>";
		};
		9EDB6B1A19AC77A600E493BA /* folder */ = {
			isa = PBXGroup;
			children = (
				9EDB6B1B19AC77DE00E493BA /* FolderViewController.h */,
				9EDB6B1C19AC77DE00E493BA /* FolderViewController.m */,
				9E45B6ED19B868510014833A /* FileContentViewController.h */,
				9E45B6EE19B868510014833A /* FileContentViewController.m */,
				9E6E5C2619BDB2A5001FAFF6 /* LocalFolderViewController.h */,
				9E6E5C2719BDB2A5001FAFF6 /* LocalFolderViewController.m */,
			);
			path = folder;
			sourceTree = "<group>";
		};
		9EEF99F319AF727800AC16E7 /* FTP */ = {
			isa = PBXGroup;
			children = (
				9EEF99F419AF728800AC16E7 /* GRRequestsManager.h */,
				9EEF99F519AF728800AC16E7 /* GRRequestsManager.m */,
				9EEF99F619AF728800AC16E7 /* GRRequestsManagerProtocol.h */,
				9EEF99F719AF728800AC16E7 /* Requests */,
				9EEF9A0519AF728800AC16E7 /* Utils */,
			);
			path = FTP;
			sourceTree = "<group>";
		};
		9EEF99F719AF728800AC16E7 /* Requests */ = {
			isa = PBXGroup;
			children = (
				9EEF99F819AF728800AC16E7 /* GRCreateDirectoryRequest.h */,
				9EEF99F919AF728800AC16E7 /* GRCreateDirectoryRequest.m */,
				9EEF99FA19AF728800AC16E7 /* GRDeleteRequest.h */,
				9EEF99FB19AF728800AC16E7 /* GRDeleteRequest.m */,
				9EEF99FC19AF728800AC16E7 /* GRDownloadRequest.h */,
				9EEF99FD19AF728800AC16E7 /* GRDownloadRequest.m */,
				9EEF99FE19AF728800AC16E7 /* GRListingRequest.h */,
				9EEF99FF19AF728800AC16E7 /* GRListingRequest.m */,
				9EEF9A0019AF728800AC16E7 /* GRRequest.h */,
				9EEF9A0119AF728800AC16E7 /* GRRequest.m */,
				9EEF9A0219AF728800AC16E7 /* GRRequestProtocol.h */,
				9EEF9A0319AF728800AC16E7 /* GRUploadRequest.h */,
				9EEF9A0419AF728800AC16E7 /* GRUploadRequest.m */,
			);
			path = Requests;
			sourceTree = "<group>";
		};
		9EEF9A0519AF728800AC16E7 /* Utils */ = {
			isa = PBXGroup;
			children = (
				9EEF9A0619AF728800AC16E7 /* GRError.h */,
				9EEF9A0719AF728800AC16E7 /* GRError.m */,
				9EEF9A0819AF728800AC16E7 /* GRQueue.h */,
				9EEF9A0919AF728800AC16E7 /* GRQueue.m */,
				9EEF9A0A19AF728800AC16E7 /* GRStreamInfo.h */,
				9EEF9A0B19AF728800AC16E7 /* GRStreamInfo.m */,
			);
			path = Utils;
			sourceTree = "<group>";
		};
		9EF4DF7319BE9F1F009D6AF4 /* CXPreviewAlbum */ = {
			isa = PBXGroup;
			children = (
				9EF4DF7419BE9F1F009D6AF4 /* CXImageBrowserView.h */,
				9EF4DF7519BE9F1F009D6AF4 /* CXImageBrowserView.m */,
				9EF4DF7619BE9F1F009D6AF4 /* ImageScrollView.h */,
				9EF4DF7719BE9F1F009D6AF4 /* ImageScrollView.m */,
				9EF4DF7819BE9F1F009D6AF4 /* PageViewControllerData.h */,
				9EF4DF7919BE9F1F009D6AF4 /* PageViewControllerData.m */,
				9EF4DF7A19BE9F1F009D6AF4 /* CXPhotoViewController.h */,
				9EF4DF7B19BE9F1F009D6AF4 /* CXPhotoViewController.m */,
			);
			path = CXPreviewAlbum;
			sourceTree = "<group>";
		};
		9EF7DFC919D116ED00F4D4ED /* YzdHUD */ = {
			isa = PBXGroup;
			children = (
				9EF7DFCA19D116ED00F4D4ED /* TkmHUDBackgroundView.h */,
				9EF7DFCB19D116ED00F4D4ED /* TkmHUDBackgroundView.m */,
				9EF7DFCC19D116ED00F4D4ED /* TkmHUDImageView.h */,
				9EF7DFCD19D116ED00F4D4ED /* TkmHUDImageView.m */,
				9EF7DFCE19D116ED00F4D4ED /* TkmHUDIndicator.h */,
				9EF7DFCF19D116ED00F4D4ED /* TkmHUDIndicator.m */,
				9EF7DFD019D116ED00F4D4ED /* TkmHUDLabel.h */,
				9EF7DFD119D116ED00F4D4ED /* TkmHUDLabel.m */,
				9EF7DFD219D116ED00F4D4ED /* UIWindow+TkmHUD.h */,
				9EF7DFD319D116ED00F4D4ED /* UIWindow+TkmHUD.m */,
			);
			path = YzdHUD;
			sourceTree = "<group>";
		};
/* End PBXGroup section */

/* Begin PBXNativeTarget section */
		9E95CC02197DF8EF002429F4 /* iData */ = {
			isa = PBXNativeTarget;
			buildConfigurationList = 9E95CC2F197DF8EF002429F4 /* Build configuration list for PBXNativeTarget "iData" */;
			buildPhases = (
				9E95CBFF197DF8EF002429F4 /* Sources */,
				9E95CC00197DF8EF002429F4 /* Frameworks */,
				9E95CC01197DF8EF002429F4 /* Resources */,
			);
			buildRules = (
			);
			dependencies = (
			);
			name = iData;
			productName = iData;
			productReference = 9E95CC03197DF8EF002429F4 /* iData.app */;
			productType = "com.apple.product-type.application";
		};
		9E95CC1D197DF8EF002429F4 /* iDataTests */ = {
			isa = PBXNativeTarget;
			buildConfigurationList = 9E95CC32197DF8EF002429F4 /* Build configuration list for PBXNativeTarget "iDataTests" */;
			buildPhases = (
				9E95CC1A197DF8EF002429F4 /* Sources */,
				9E95CC1B197DF8EF002429F4 /* Frameworks */,
				9E95CC1C197DF8EF002429F4 /* Resources */,
			);
			buildRules = (
			);
			dependencies = (
				9E95CC24197DF8EF002429F4 /* PBXTargetDependency */,
			);
			name = iDataTests;
			productName = iDataTests;
			productReference = 9E95CC1E197DF8EF002429F4 /* iDataTests.xctest */;
			productType = "com.apple.product-type.bundle.unit-test";
		};
/* End PBXNativeTarget section */

/* Begin PBXProject section */
		9E95CBFB197DF8EF002429F4 /* Project object */ = {
			isa = PBXProject;
			attributes = {
				LastUpgradeCheck = 0510;
				ORGANIZATIONNAME = karven;
				TargetAttributes = {
					9E95CC02197DF8EF002429F4 = {
						DevelopmentTeam = MFJCTVDYG8;
					};
					9E95CC1D197DF8EF002429F4 = {
						TestTargetID = 9E95CC02197DF8EF002429F4;
					};
				};
			};
			buildConfigurationList = 9E95CBFE197DF8EF002429F4 /* Build configuration list for PBXProject "iData" */;
			compatibilityVersion = "Xcode 3.2";
			developmentRegion = English;
			hasScannedForEncodings = 0;
			knownRegions = (
				en,
				"zh-Hans",
			);
			mainGroup = 9E95CBFA197DF8EF002429F4;
			productRefGroup = 9E95CC04197DF8EF002429F4 /* Products */;
			projectDirPath = "";
			projectRoot = "";
			targets = (
				9E95CC02197DF8EF002429F4 /* iData */,
				9E95CC1D197DF8EF002429F4 /* iDataTests */,
			);
		};
/* End PBXProject section */

/* Begin PBXResourcesBuildPhase section */
		9E95CC01197DF8EF002429F4 /* Resources */ = {
			isa = PBXResourcesBuildPhase;
			buildActionMask = 2147483647;
			files = (
				9E6E4B1219B0722100768795 /* doc_icon.png in Resources */,
				9E6E4B2219B07D5200768795 /* xls_icon.png in Resources */,
				9E5BC5DD19A884E7005703A4 /* delete.png in Resources */,
				9E9B3CA519D68172001AC677 /* contacts_unpress.png in Resources */,
				9E9B3CA319D68172001AC677 /* backup.png in Resources */,
				9EEC56EC19A9DEBD001D8352 /* background.png in Resources */,
				9E5BC5D119A88476005703A4 /* editor_checked.png in Resources */,
				9EEC56CD19A9828B001D8352 /* photo.png in Resources */,
				9EEC56CE19A9828B001D8352 /* video.png in Resources */,
				9E5BC5E219A88573005703A4 /* star_select.png in Resources */,
				9EEC56CC19A9828B001D8352 /* music.png in Resources */,
				9EE190AD19AB3F4F0052B7F3 /* connected.png in Resources */,
				9EA13D08199CA00C00803903 /* cm_btn_play@2x.png in Resources */,
				9EA13D0A199CA00C00803903 /* fee_payed.png in Resources */,
				9EE190B319AB631D0052B7F3 /* home.png in Resources */,
				9EEC56BF19A8EDAA001D8352 /* logo_label.png in Resources */,
				9E6E4B1D19B07D5200768795 /* music_icon.png in Resources */,
				9E5BC5D219A88476005703A4 /* editor_uncheck.png in Resources */,
				9E6E4B2119B07D5200768795 /* video_icon.png in Resources */,
				9E5BC5D619A8848A005703A4 /* browse_uncheck.png in Resources */,
				9E0D22FD19A7141A00D002EF /* international.strings in Resources */,
				9EA13D09199CA00C00803903 /* fee_nopay.png in Resources */,
				9E95CC11197DF8EF002429F4 /* InfoPlist.strings in Resources */,
				9E5BC5DE19A884E7005703A4 /* paste.png in Resources */,
				9E5BC5E019A88525005703A4 /* logo_divider.png in Resources */,
				9EE190B119AB411E0052B7F3 /* use_size.png in Resources */,
				9E6E4B2019B07D5200768795 /* txt_icon.png in Resources */,
				9EEC56CF19A9828B001D8352 /* router_setting.png in Resources */,
				9E6E4B2419B1AA0900768795 /* pic_icon.png in Resources */,
				9E5BC5DB19A884E7005703A4 /* all_choose.png in Resources */,
				9E6E4B2619B2106800768795 /* selected.png in Resources */,
				9E6E4B1F19B07D5200768795 /* ppt_icon.png in Resources */,
				9EEC56CB19A9828B001D8352 /* language.png in Resources */,
				9E6E4B1B19B07D5200768795 /* default_icon.png in Resources */,
				9EEC56BB19A8EBB4001D8352 /* cloud_selected.png in Resources */,
				9E6E4B1E19B07D5200768795 /* pdf_icon.png in Resources */,
				9E5BC5DC19A884E7005703A4 /* copy.png in Resources */,
				9E4ABE9219A749B500DB1A97 /* back.png in Resources */,
				9EEC56C919A9828B001D8352 /* document.png in Resources */,
				9E9B3CA419D68172001AC677 /* contacts_press.png in Resources */,
				9EA13D07199CA00C00803903 /* cm_btn_pause@2x.png in Resources */,
				9EEC56BE19A8EDAA001D8352 /* logo_image.png in Resources */,
				9E6E4B1C19B07D5200768795 /* folder_icon.png in Resources */,
				9EEC56B919A8E2C5001D8352 /* star_unselect.png in Resources */,
				9EEC56CA19A9828B001D8352 /* folder.png in Resources */,
				9EEC56C819A9828B001D8352 /* contacts_backup.png in Resources */,
				9E5BC5D519A8848A005703A4 /* browse_checked.png in Resources */,
				9E5BC5E419A885B2005703A4 /* cloud_unselect.png in Resources */,
				9EE190AF19AB3F5F0052B7F3 /* not_connect.png in Resources */,
				9E9B3CA619D68172001AC677 /* restore.png in Resources */,
				9E95CC19197DF8EF002429F4 /* Images.xcassets in Resources */,
			);
			runOnlyForDeploymentPostprocessing = 0;
		};
		9E95CC1C197DF8EF002429F4 /* Resources */ = {
			isa = PBXResourcesBuildPhase;
			buildActionMask = 2147483647;
			files = (
				9E95CC2A197DF8EF002429F4 /* InfoPlist.strings in Resources */,
			);
			runOnlyForDeploymentPostprocessing = 0;
		};
/* End PBXResourcesBuildPhase section */

/* Begin PBXSourcesBuildPhase section */
		9E95CBFF197DF8EF002429F4 /* Sources */ = {
			isa = PBXSourcesBuildPhase;
			buildActionMask = 2147483647;
			files = (
				9E92651419ED0D6800A0E64F /* FileCopy.m in Sources */,
				9EEF9A1019AF728800AC16E7 /* GRListingRequest.m in Sources */,
				9EEF9A1319AF728800AC16E7 /* GRError.m in Sources */,
				9ECCC160198896FE000A2B76 /* Util.m in Sources */,
				9EEF9A0E19AF728800AC16E7 /* GRDeleteRequest.m in Sources */,
				9E0CDAB019A4432B00B91373 /* BaseViewController.m in Sources */,
				9E49B28D19A5F0EC00800316 /* ThemeButton.m in Sources */,
				9EF7DFD619D116ED00F4D4ED /* TkmHUDIndicator.m in Sources */,
				9EEF9A1419AF728800AC16E7 /* GRQueue.m in Sources */,
				9EDB6B1D19AC77DE00E493BA /* FolderViewController.m in Sources */,
				9ECCC1691988E8B6000A2B76 /* PhotoViewController.m in Sources */,
				9EEF9A1519AF728800AC16E7 /* GRStreamInfo.m in Sources */,
				9EF7DFD819D116ED00F4D4ED /* UIWindow+TkmHUD.m in Sources */,
				9E0CDAB619A446C700B91373 /* BaseNavigationController.m in Sources */,
				9EF4DF7F19BE9F1F009D6AF4 /* CXPhotoViewController.m in Sources */,
				9EF7DFC619D0070100F4D4ED /* ChooseLanguageViewCotroller.m in Sources */,
				9E95CC17197DF8EF002429F4 /* AppDelegate.m in Sources */,
				9EF4DF7E19BE9F1F009D6AF4 /* PageViewControllerData.m in Sources */,
				9EEF9A0C19AF728800AC16E7 /* GRRequestsManager.m in Sources */,
				9EB97C1419EACA2800CB0A2F /* MusicViewControllerOther.m in Sources */,
				9EB97C1319EACA2800CB0A2F /* MusicViewController.m in Sources */,
				9EEF9A1219AF728800AC16E7 /* GRUploadRequest.m in Sources */,
				9EF7DFD519D116ED00F4D4ED /* TkmHUDImageView.m in Sources */,
				9EEF9A1119AF728800AC16E7 /* GRRequest.m in Sources */,
				9E45B6EF19B868510014833A /* FileContentViewController.m in Sources */,
				9EEF99F219AF20CB00AC16E7 /* SwipeView.m in Sources */,
				9E9B3C9B19D3F39B001AC677 /* ContactBackupViewController.m in Sources */,
				9E6E5C1C19BC9E9F001FAFF6 /* PhotoVistViewController.m in Sources */,
				9E49B29119A5F10D00800316 /* ThemeLabel.m in Sources */,
				9E6E5C2819BDB2A5001FAFF6 /* LocalFolderViewController.m in Sources */,
				9EF4DF7D19BE9F1F009D6AF4 /* ImageScrollView.m in Sources */,
				9ECCC1661988999E000A2B76 /* RFPOAPinyin.mm in Sources */,
				9EEF9A0D19AF728800AC16E7 /* GRCreateDirectoryRequest.m in Sources */,
				9E0CDABA19A4475200B91373 /* ThemeManager.m in Sources */,
				9E13AA9219CABA5600BBE37B /* FileViewController.m in Sources */,
				9ECCC15719888C6B000A2B76 /* ContactViewController.m in Sources */,
				9E5BC5CE19A84C42005703A4 /* MBProgressHUD.m in Sources */,
				9EEC56B719A8CFCF001D8352 /* UIView+Toast.m in Sources */,
				9EB97C1619EACA2800CB0A2F /* VideoVistViewController.m in Sources */,
				9ECCC1651988999E000A2B76 /* RFChineseToPinyin.m in Sources */,
				9EB97C1519EACA2800CB0A2F /* VideoViewController.m in Sources */,
				9E78504119C8722700B04B20 /* BlockAlertView.m in Sources */,
				9EEF9A1A19B0131200AC16E7 /* FTPManager.m in Sources */,
				9EF4DF7C19BE9F1F009D6AF4 /* CXImageBrowserView.m in Sources */,
				9EF7DFD419D116ED00F4D4ED /* TkmHUDBackgroundView.m in Sources */,
				9E95CC37197DF9F5002429F4 /* MainViewController.m in Sources */,
				9E49B29419A5F11F00800316 /* UIFactory.m in Sources */,
				9EEF9A0F19AF728800AC16E7 /* GRDownloadRequest.m in Sources */,
				9EF7DFD719D116ED00F4D4ED /* TkmHUDLabel.m in Sources */,
				9E95CC13197DF8EF002429F4 /* main.m in Sources */,
			);
			runOnlyForDeploymentPostprocessing = 0;
		};
		9E95CC1A197DF8EF002429F4 /* Sources */ = {
			isa = PBXSourcesBuildPhase;
			buildActionMask = 2147483647;
			files = (
				9E95CC2C197DF8EF002429F4 /* iDataTests.m in Sources */,
			);
			runOnlyForDeploymentPostprocessing = 0;
		};
/* End PBXSourcesBuildPhase section */

/* Begin PBXTargetDependency section */
		9E95CC24197DF8EF002429F4 /* PBXTargetDependency */ = {
			isa = PBXTargetDependency;
			target = 9E95CC02197DF8EF002429F4 /* iData */;
			targetProxy = 9E95CC23197DF8EF002429F4 /* PBXContainerItemProxy */;
		};
/* End PBXTargetDependency section */

/* Begin PBXVariantGroup section */
		9E0D22FF19A7141A00D002EF /* international.strings */ = {
			isa = PBXVariantGroup;
			children = (
				9E0D22FE19A7141A00D002EF /* en */,
				9E0D230019A7142600D002EF /* zh-Hans */,
			);
			name = international.strings;
			sourceTree = "<group>";
		};
		9E95CC0F197DF8EF002429F4 /* InfoPlist.strings */ = {
			isa = PBXVariantGroup;
			children = (
				9E95CC10197DF8EF002429F4 /* en */,
			);
			name = InfoPlist.strings;
			sourceTree = "<group>";
		};
		9E95CC28197DF8EF002429F4 /* InfoPlist.strings */ = {
			isa = PBXVariantGroup;
			children = (
				9E95CC29197DF8EF002429F4 /* en */,
			);
			name = InfoPlist.strings;
			sourceTree = "<group>";
		};
/* End PBXVariantGroup section */

/* Begin XCBuildConfiguration section */
		9E95CC2D197DF8EF002429F4 /* Debug */ = {
			isa = XCBuildConfiguration;
			buildSettings = {
				ALWAYS_SEARCH_USER_PATHS = NO;
				CLANG_CXX_LANGUAGE_STANDARD = "gnu++0x";
				CLANG_CXX_LIBRARY = "libc++";
				CLANG_ENABLE_MODULES = YES;
				CLANG_ENABLE_OBJC_ARC = YES;
				CLANG_WARN_BOOL_CONVERSION = YES;
				CLANG_WARN_CONSTANT_CONVERSION = YES;
				CLANG_WARN_DIRECT_OBJC_ISA_USAGE = YES_ERROR;
				CLANG_WARN_EMPTY_BODY = YES;
				CLANG_WARN_ENUM_CONVERSION = YES;
				CLANG_WARN_INT_CONVERSION = YES;
				CLANG_WARN_OBJC_ROOT_CLASS = YES_ERROR;
				CLANG_WARN__DUPLICATE_METHOD_MATCH = YES;
				"CODE_SIGN_IDENTITY[sdk=iphoneos*]" = "iPhone Developer";
				COPY_PHASE_STRIP = NO;
				GCC_C_LANGUAGE_STANDARD = gnu99;
				GCC_DYNAMIC_NO_PIC = NO;
				GCC_OPTIMIZATION_LEVEL = 0;
				GCC_PREPROCESSOR_DEFINITIONS = (
					"DEBUG=1",
					"$(inherited)",
				);
				GCC_SYMBOLS_PRIVATE_EXTERN = NO;
				GCC_WARN_64_TO_32_BIT_CONVERSION = YES;
				GCC_WARN_ABOUT_RETURN_TYPE = YES_ERROR;
				GCC_WARN_UNDECLARED_SELECTOR = YES;
				GCC_WARN_UNINITIALIZED_AUTOS = YES_AGGRESSIVE;
				GCC_WARN_UNUSED_FUNCTION = YES;
				GCC_WARN_UNUSED_VARIABLE = YES;
				IPHONEOS_DEPLOYMENT_TARGET = 7.1;
				ONLY_ACTIVE_ARCH = YES;
				SDKROOT = iphoneos;
			};
			name = Debug;
		};
		9E95CC2E197DF8EF002429F4 /* Release */ = {
			isa = XCBuildConfiguration;
			buildSettings = {
				ALWAYS_SEARCH_USER_PATHS = NO;
				CLANG_CXX_LANGUAGE_STANDARD = "gnu++0x";
				CLANG_CXX_LIBRARY = "libc++";
				CLANG_ENABLE_MODULES = YES;
				CLANG_ENABLE_OBJC_ARC = YES;
				CLANG_WARN_BOOL_CONVERSION = YES;
				CLANG_WARN_CONSTANT_CONVERSION = YES;
				CLANG_WARN_DIRECT_OBJC_ISA_USAGE = YES_ERROR;
				CLANG_WARN_EMPTY_BODY = YES;
				CLANG_WARN_ENUM_CONVERSION = YES;
				CLANG_WARN_INT_CONVERSION = YES;
				CLANG_WARN_OBJC_ROOT_CLASS = YES_ERROR;
				CLANG_WARN__DUPLICATE_METHOD_MATCH = YES;
				"CODE_SIGN_IDENTITY[sdk=iphoneos*]" = "iPhone Developer";
				COPY_PHASE_STRIP = YES;
				ENABLE_NS_ASSERTIONS = NO;
				GCC_C_LANGUAGE_STANDARD = gnu99;
				GCC_WARN_64_TO_32_BIT_CONVERSION = YES;
				GCC_WARN_ABOUT_RETURN_TYPE = YES_ERROR;
				GCC_WARN_UNDECLARED_SELECTOR = YES;
				GCC_WARN_UNINITIALIZED_AUTOS = YES_AGGRESSIVE;
				GCC_WARN_UNUSED_FUNCTION = YES;
				GCC_WARN_UNUSED_VARIABLE = YES;
				IPHONEOS_DEPLOYMENT_TARGET = 7.1;
				SDKROOT = iphoneos;
				VALIDATE_PRODUCT = YES;
			};
			name = Release;
		};
		9E95CC30197DF8EF002429F4 /* Debug */ = {
			isa = XCBuildConfiguration;
			buildSettings = {
				ASSETCATALOG_COMPILER_APPICON_NAME = AppIcon;
				ASSETCATALOG_COMPILER_LAUNCHIMAGE_NAME = LaunchImage;
				CODE_SIGN_IDENTITY = "iPhone Developer: 根林 陈 (L93K6Q6ABY)";
				"CODE_SIGN_IDENTITY[sdk=iphoneos*]" = "iPhone Developer: 根林 陈 (L93K6Q6ABY)";
				GCC_PRECOMPILE_PREFIX_HEADER = YES;
				GCC_PREFIX_HEADER = "iData/iData-Prefix.pch";
				INFOPLIST_FILE = "iData/iData-Info.plist";
				IPHONEOS_DEPLOYMENT_TARGET = 6.0;
				ONLY_ACTIVE_ARCH = NO;
				PRODUCT_NAME = "$(TARGET_NAME)";
				PROVISIONING_PROFILE = "3E980E11-9369-4990-822E-F55DCBF46F57";
				VALID_ARCHS = "armv7 armv7s arm64";
				WRAPPER_EXTENSION = app;
			};
			name = Debug;
		};
		9E95CC31197DF8EF002429F4 /* Release */ = {
			isa = XCBuildConfiguration;
			buildSettings = {
				ASSETCATALOG_COMPILER_APPICON_NAME = AppIcon;
				ASSETCATALOG_COMPILER_LAUNCHIMAGE_NAME = LaunchImage;
				CODE_SIGN_IDENTITY = "iPhone Developer: 根林 陈 (L93K6Q6ABY)";
				"CODE_SIGN_IDENTITY[sdk=iphoneos*]" = "iPhone Developer: 根林 陈 (L93K6Q6ABY)";
				GCC_PRECOMPILE_PREFIX_HEADER = YES;
				GCC_PREFIX_HEADER = "iData/iData-Prefix.pch";
				INFOPLIST_FILE = "iData/iData-Info.plist";
				IPHONEOS_DEPLOYMENT_TARGET = 6.0;
				ONLY_ACTIVE_ARCH = NO;
				PRODUCT_NAME = "$(TARGET_NAME)";
				PROVISIONING_PROFILE = "3E980E11-9369-4990-822E-F55DCBF46F57";
				VALID_ARCHS = "armv7 armv7s arm64";
				WRAPPER_EXTENSION = app;
			};
			name = Release;
		};
		9E95CC33197DF8EF002429F4 /* Debug */ = {
			isa = XCBuildConfiguration;
			buildSettings = {
				BUNDLE_LOADER = "$(BUILT_PRODUCTS_DIR)/iData.app/iData";
				FRAMEWORK_SEARCH_PATHS = (
					"$(SDKROOT)/Developer/Library/Frameworks",
					"$(inherited)",
					"$(DEVELOPER_FRAMEWORKS_DIR)",
				);
				GCC_PRECOMPILE_PREFIX_HEADER = YES;
				GCC_PREFIX_HEADER = "iData/iData-Prefix.pch";
				GCC_PREPROCESSOR_DEFINITIONS = (
					"DEBUG=1",
					"$(inherited)",
				);
				INFOPLIST_FILE = "iDataTests/iDataTests-Info.plist";
				PRODUCT_NAME = "$(TARGET_NAME)";
				TEST_HOST = "$(BUNDLE_LOADER)";
				WRAPPER_EXTENSION = xctest;
			};
			name = Debug;
		};
		9E95CC34197DF8EF002429F4 /* Release */ = {
			isa = XCBuildConfiguration;
			buildSettings = {
				BUNDLE_LOADER = "$(BUILT_PRODUCTS_DIR)/iData.app/iData";
				FRAMEWORK_SEARCH_PATHS = (
					"$(SDKROOT)/Developer/Library/Frameworks",
					"$(inherited)",
					"$(DEVELOPER_FRAMEWORKS_DIR)",
				);
				GCC_PRECOMPILE_PREFIX_HEADER = YES;
				GCC_PREFIX_HEADER = "iData/iData-Prefix.pch";
				INFOPLIST_FILE = "iDataTests/iDataTests-Info.plist";
				PRODUCT_NAME = "$(TARGET_NAME)";
				TEST_HOST = "$(BUNDLE_LOADER)";
				WRAPPER_EXTENSION = xctest;
			};
			name = Release;
		};
/* End XCBuildConfiguration section */

/* Begin XCConfigurationList section */
		9E95CBFE197DF8EF002429F4 /* Build configuration list for PBXProject "iData" */ = {
			isa = XCConfigurationList;
			buildConfigurations = (
				9E95CC2D197DF8EF002429F4 /* Debug */,
				9E95CC2E197DF8EF002429F4 /* Release */,
			);
			defaultConfigurationIsVisible = 0;
			defaultConfigurationName = Release;
		};
		9E95CC2F197DF8EF002429F4 /* Build configuration list for PBXNativeTarget "iData" */ = {
			isa = XCConfigurationList;
			buildConfigurations = (
				9E95CC30197DF8EF002429F4 /* Debug */,
				9E95CC31197DF8EF002429F4 /* Release */,
			);
			defaultConfigurationIsVisible = 0;
			defaultConfigurationName = Release;
		};
		9E95CC32197DF8EF002429F4 /* Build configuration list for PBXNativeTarget "iDataTests" */ = {
			isa = XCConfigurationList;
			buildConfigurations = (
				9E95CC33197DF8EF002429F4 /* Debug */,
				9E95CC34197DF8EF002429F4 /* Release */,
			);
			defaultConfigurationIsVisible = 0;
			defaultConfigurationName = Release;
		};
/* End XCConfigurationList section */
	};
	rootObject = 9E95CBFB197DF8EF002429F4 /* Project object */;
}
